// !$*UTF8*$!
{
	archiveVersion = 1;
	classes = {
	};
	objectVersion = 46;
	objects = {

/* Begin PBXBuildFile section */
		8B52E5D816B2177400D758E7 /* DecoyDuck.m in Sources */ = {isa = PBXBuildFile; fileRef = 8B52E5CF16B2177400D758E7 /* DecoyDuck.m */; };
		8B52E5D916B2177400D758E7 /* Duck.m in Sources */ = {isa = PBXBuildFile; fileRef = 8B52E5D116B2177400D758E7 /* Duck.m */; };
		8B52E5DA16B2177400D758E7 /* MallardDuck.m in Sources */ = {isa = PBXBuildFile; fileRef = 8B52E5D316B2177400D758E7 /* MallardDuck.m */; };
		8B52E5DB16B2177400D758E7 /* RedheadDuck.m in Sources */ = {isa = PBXBuildFile; fileRef = 8B52E5D516B2177400D758E7 /* RedheadDuck.m */; };
		8B52E5DC16B2177400D758E7 /* RubberDuck.m in Sources */ = {isa = PBXBuildFile; fileRef = 8B52E5D716B2177400D758E7 /* RubberDuck.m */; };
		8B52E5EE16B2178B00D758E7 /* FlyNoWay.m in Sources */ = {isa = PBXBuildFile; fileRef = 8B52E5E116B2178B00D758E7 /* FlyNoWay.m */; };
		8B52E5EF16B2178B00D758E7 /* FlyRocketPowered.m in Sources */ = {isa = PBXBuildFile; fileRef = 8B52E5E316B2178B00D758E7 /* FlyRocketPowered.m */; };
		8B52E5F016B2178B00D758E7 /* FlyWithWings.m in Sources */ = {isa = PBXBuildFile; fileRef = 8B52E5E516B2178B00D758E7 /* FlyWithWings.m */; };
		8B52E5F116B2178B00D758E7 /* MuteQuack.m in Sources */ = {isa = PBXBuildFile; fileRef = 8B52E5E816B2178B00D758E7 /* MuteQuack.m */; };
		8B52E5F216B2178B00D758E7 /* Quack.m in Sources */ = {isa = PBXBuildFile; fileRef = 8B52E5EA16B2178B00D758E7 /* Quack.m */; };
		8B52E5F316B2178B00D758E7 /* Squeak.m in Sources */ = {isa = PBXBuildFile; fileRef = 8B52E5ED16B2178B00D758E7 /* Squeak.m */; };
		8BC7EDE716B1D2B300702769 /* Foundation.framework in Frameworks */ = {isa = PBXBuildFile; fileRef = 8BC7EDE616B1D2B300702769 /* Foundation.framework */; };
		8BC7EDEA16B1D2B300702769 /* main.m in Sources */ = {isa = PBXBuildFile; fileRef = 8BC7EDE916B1D2B300702769 /* main.m */; };
		8BC7EDEE16B1D2B300702769 /* SimUDuck.1 in CopyFiles */ = {isa = PBXBuildFile; fileRef = 8BC7EDED16B1D2B300702769 /* SimUDuck.1 */; };
/* End PBXBuildFile section */

/* Begin PBXCopyFilesBuildPhase section */
		8BC7EDE016B1D2B300702769 /* CopyFiles */ = {
			isa = PBXCopyFilesBuildPhase;
			buildActionMask = 2147483647;
			dstPath = /usr/share/man/man1/;
			dstSubfolderSpec = 0;
			files = (
				8BC7EDEE16B1D2B300702769 /* SimUDuck.1 in CopyFiles */,
			);
			runOnlyForDeploymentPostprocessing = 1;
		};
/* End PBXCopyFilesBuildPhase section */

/* Begin PBXFileReference section */
		8B52E5CE16B2177400D758E7 /* DecoyDuck.h */ = {isa = PBXFileReference; fileEncoding = 4; lastKnownFileType = sourcecode.c.h; path = DecoyDuck.h; sourceTree = "<group>"; };
		8B52E5CF16B2177400D758E7 /* DecoyDuck.m */ = {isa = PBXFileReference; fileEncoding = 4; lastKnownFileType = sourcecode.c.objc; path = DecoyDuck.m; sourceTree = "<group>"; };
		8B52E5D016B2177400D758E7 /* Duck.h */ = {isa = PBXFileReference; fileEncoding = 4; lastKnownFileType = sourcecode.c.h; path = Duck.h; sourceTree = "<group>"; };
		8B52E5D116B2177400D758E7 /* Duck.m */ = {isa = PBXFileReference; fileEncoding = 4; lastKnownFileType = sourcecode.c.objc; path = Duck.m; sourceTree = "<group>"; };
		8B52E5D216B2177400D758E7 /* MallardDuck.h */ = {isa = PBXFileReference; fileEncoding = 4; lastKnownFileType = sourcecode.c.h; path = MallardDuck.h; sourceTree = "<group>"; };
		8B52E5D316B2177400D758E7 /* MallardDuck.m */ = {isa = PBXFileReference; fileEncoding = 4; lastKnownFileType = sourcecode.c.objc; path = MallardDuck.m; sourceTree = "<group>"; };
		8B52E5D416B2177400D758E7 /* RedheadDuck.h */ = {isa = PBXFileReference; fileEncoding = 4; lastKnownFileType = sourcecode.c.h; path = RedheadDuck.h; sourceTree = "<group>"; };
		8B52E5D516B2177400D758E7 /* RedheadDuck.m */ = {isa = PBXFileReference; fileEncoding = 4; lastKnownFileType = sourcecode.c.objc; path = RedheadDuck.m; sourceTree = "<group>"; };
		8B52E5D616B2177400D758E7 /* RubberDuck.h */ = {isa = PBXFileReference; fileEncoding = 4; lastKnownFileType = sourcecode.c.h; path = RubberDuck.h; sourceTree = "<group>"; };
		8B52E5D716B2177400D758E7 /* RubberDuck.m */ = {isa = PBXFileReference; fileEncoding = 4; lastKnownFileType = sourcecode.c.objc; path = RubberDuck.m; sourceTree = "<group>"; };
		8B52E5DF16B2178B00D758E7 /* FlyBehavior.h */ = {isa = PBXFileReference; fileEncoding = 4; lastKnownFileType = sourcecode.c.h; path = FlyBehavior.h; sourceTree = "<group>"; };
		8B52E5E016B2178B00D758E7 /* FlyNoWay.h */ = {isa = PBXFileReference; fileEncoding = 4; lastKnownFileType = sourcecode.c.h; path = FlyNoWay.h; sourceTree = "<group>"; };
		8B52E5E116B2178B00D758E7 /* FlyNoWay.m */ = {isa = PBXFileReference; fileEncoding = 4; lastKnownFileType = sourcecode.c.objc; path = FlyNoWay.m; sourceTree = "<group>"; };
		8B52E5E216B2178B00D758E7 /* FlyRocketPowered.h */ = {isa = PBXFileReference; fileEncoding = 4; lastKnownFileType = sourcecode.c.h; path = FlyRocketPowered.h; sourceTree = "<group>"; };
		8B52E5E316B2178B00D758E7 /* FlyRocketPowered.m */ = {isa = PBXFileReference; fileEncoding = 4; lastKnownFileType = sourcecode.c.objc; path = FlyRocketPowered.m; sourceTree = "<group>"; };
		8B52E5E416B2178B00D758E7 /* FlyWithWings.h */ = {isa = PBXFileReference; fileEncoding = 4; lastKnownFileType = sourcecode.c.h; path = FlyWithWings.h; sourceTree = "<group>"; };
		8B52E5E516B2178B00D758E7 /* FlyWithWings.m */ = {isa = PBXFileReference; fileEncoding = 4; lastKnownFileType = sourcecode.c.objc; path = FlyWithWings.m; sourceTree = "<group>"; };
		8B52E5E716B2178B00D758E7 /* MuteQuack.h */ = {isa = PBXFileReference; fileEncoding = 4; lastKnownFileType = sourcecode.c.h; path = MuteQuack.h; sourceTree = "<group>"; };
		8B52E5E816B2178B00D758E7 /* MuteQuack.m */ = {isa = PBXFileReference; fileEncoding = 4; lastKnownFileType = sourcecode.c.objc; path = MuteQuack.m; sourceTree = "<group>"; };
		8B52E5E916B2178B00D758E7 /* Quack.h */ = {isa = PBXFileReference; fileEncoding = 4; lastKnownFileType = sourcecode.c.h; path = Quack.h; sourceTree = "<group>"; };
		8B52E5EA16B2178B00D758E7 /* Quack.m */ = {isa = PBXFileReference; fileEncoding = 4; lastKnownFileType = sourcecode.c.objc; path = Quack.m; sourceTree = "<group>"; };
		8B52E5EB16B2178B00D758E7 /* QuackBehavior.h */ = {isa = PBXFileReference; fileEncoding = 4; lastKnownFileType = sourcecode.c.h; path = QuackBehavior.h; sourceTree = "<group>"; };
		8B52E5EC16B2178B00D758E7 /* Squeak.h */ = {isa = PBXFileReference; fileEncoding = 4; lastKnownFileType = sourcecode.c.h; path = Squeak.h; sourceTree = "<group>"; };
		8B52E5ED16B2178B00D758E7 /* Squeak.m */ = {isa = PBXFileReference; fileEncoding = 4; lastKnownFileType = sourcecode.c.objc; path = Squeak.m; sourceTree = "<group>"; };
		8BC7EDE216B1D2B300702769 /* SimUDuck */ = {isa = PBXFileReference; explicitFileType = "compiled.mach-o.executable"; includeInIndex = 0; path = SimUDuck; sourceTree = BUILT_PRODUCTS_DIR; };
		8BC7EDE616B1D2B300702769 /* Foundation.framework */ = {isa = PBXFileReference; lastKnownFileType = wrapper.framework; name = Foundation.framework; path = System/Library/Frameworks/Foundation.framework; sourceTree = SDKROOT; };
		8BC7EDE916B1D2B300702769 /* main.m */ = {isa = PBXFileReference; lastKnownFileType = sourcecode.c.objc; path = main.m; sourceTree = "<group>"; };
		8BC7EDEC16B1D2B300702769 /* SimUDuck-Prefix.pch */ = {isa = PBXFileReference; lastKnownFileType = sourcecode.c.h; path = "SimUDuck-Prefix.pch"; sourceTree = "<group>"; };
		8BC7EDED16B1D2B300702769 /* SimUDuck.1 */ = {isa = PBXFileReference; lastKnownFileType = text.man; path = SimUDuck.1; sourceTree = "<group>"; };
/* End PBXFileReference section */

/* Begin PBXFrameworksBuildPhase section */
		8BC7EDDF16B1D2B300702769 /* Frameworks */ = {
			isa = PBXFrameworksBuildPhase;
			buildActionMask = 2147483647;
			files = (
				8BC7EDE716B1D2B300702769 /* Foundation.framework in Frameworks */,
			);
			runOnlyForDeploymentPostprocessing = 0;
		};
/* End PBXFrameworksBuildPhase section */

/* Begin PBXGroup section */
		8B52E5CD16B2177400D758E7 /* Ducks */ = {
			isa = PBXGroup;
			children = (
				8B52E5CE16B2177400D758E7 /* DecoyDuck.h */,
				8B52E5CF16B2177400D758E7 /* DecoyDuck.m */,
				8B52E5D016B2177400D758E7 /* Duck.h */,
				8B52E5D116B2177400D758E7 /* Duck.m */,
				8B52E5D216B2177400D758E7 /* MallardDuck.h */,
				8B52E5D316B2177400D758E7 /* MallardDuck.m */,
				8B52E5D416B2177400D758E7 /* RedheadDuck.h */,
				8B52E5D516B2177400D758E7 /* RedheadDuck.m */,
				8B52E5D616B2177400D758E7 /* RubberDuck.h */,
				8B52E5D716B2177400D758E7 /* RubberDuck.m */,
			);
			path = Ducks;
			sourceTree = "<group>";
		};
		8B52E5DD16B2178B00D758E7 /* Behaviors */ = {
			isa = PBXGroup;
			children = (
				8B52E5DE16B2178B00D758E7 /* Fly */,
				8B52E5E616B2178B00D758E7 /* Quack */,
			);
			path = Behaviors;
			sourceTree = "<group>";
		};
		8B52E5DE16B2178B00D758E7 /* Fly */ = {
			isa = PBXGroup;
			children = (
				8B52E5DF16B2178B00D758E7 /* FlyBehavior.h */,
				8B52E5E016B2178B00D758E7 /* FlyNoWay.h */,
				8B52E5E116B2178B00D758E7 /* FlyNoWay.m */,
				8B52E5E216B2178B00D758E7 /* FlyRocketPowered.h */,
				8B52E5E316B2178B00D758E7 /* FlyRocketPowered.m */,
				8B52E5E416B2178B00D758E7 /* FlyWithWings.h */,
				8B52E5E516B2178B00D758E7 /* FlyWithWings.m */,
			);
			path = Fly;
			sourceTree = "<group>";
		};
		8B52E5E616B2178B00D758E7 /* Quack */ = {
			isa = PBXGroup;
			children = (
				8B52E5E716B2178B00D758E7 /* MuteQuack.h */,
				8B52E5E816B2178B00D758E7 /* MuteQuack.m */,
				8B52E5E916B2178B00D758E7 /* Quack.h */,
				8B52E5EA16B2178B00D758E7 /* Quack.m */,
				8B52E5EB16B2178B00D758E7 /* QuackBehavior.h */,
				8B52E5EC16B2178B00D758E7 /* Squeak.h */,
				8B52E5ED16B2178B00D758E7 /* Squeak.m */,
			);
			path = Quack;
			sourceTree = "<group>";
		};
		8BC7EDD716B1D2B300702769 = {
			isa = PBXGroup;
			children = (
				8BC7EDE816B1D2B300702769 /* SimUDuck */,
				8BC7EDE516B1D2B300702769 /* Frameworks */,
				8BC7EDE316B1D2B300702769 /* Products */,
			);
			sourceTree = "<group>";
		};
		8BC7EDE316B1D2B300702769 /* Products */ = {
			isa = PBXGroup;
			children = (
				8BC7EDE216B1D2B300702769 /* SimUDuck */,
			);
			name = Products;
			sourceTree = "<group>";
		};
		8BC7EDE516B1D2B300702769 /* Frameworks */ = {
			isa = PBXGroup;
			children = (
				8BC7EDE616B1D2B300702769 /* Foundation.framework */,
			);
			name = Frameworks;
			sourceTree = "<group>";
		};
		8BC7EDE816B1D2B300702769 /* SimUDuck */ = {
			isa = PBXGroup;
			children = (
				8B52E5DD16B2178B00D758E7 /* Behaviors */,
				8B52E5CD16B2177400D758E7 /* Ducks */,
				8BC7EDE916B1D2B300702769 /* main.m */,
				8BC7EDED16B1D2B300702769 /* SimUDuck.1 */,
				8BC7EDEB16B1D2B300702769 /* Supporting Files */,
			);
			path = SimUDuck;
			sourceTree = "<group>";
		};
		8BC7EDEB16B1D2B300702769 /* Supporting Files */ = {
			isa = PBXGroup;
			children = (
				8BC7EDEC16B1D2B300702769 /* SimUDuck-Prefix.pch */,
			);
			name = "Supporting Files";
			sourceTree = "<group>";
		};
/* End PBXGroup section */

/* Begin PBXNativeTarget section */
		8BC7EDE116B1D2B300702769 /* SimUDuck */ = {
			isa = PBXNativeTarget;
			buildConfigurationList = 8BC7EDF116B1D2B300702769 /* Build configuration list for PBXNativeTarget "SimUDuck" */;
			buildPhases = (
				8BC7EDDE16B1D2B300702769 /* Sources */,
				8BC7EDDF16B1D2B300702769 /* Frameworks */,
				8BC7EDE016B1D2B300702769 /* CopyFiles */,
			);
			buildRules = (
			);
			dependencies = (
			);
			name = SimUDuck;
			productName = SimUDuck;
			productReference = 8BC7EDE216B1D2B300702769 /* SimUDuck */;
			productType = "com.apple.product-type.tool";
		};
/* End PBXNativeTarget section */

/* Begin PBXProject section */
		8BC7EDD916B1D2B300702769 /* Project object */ = {
			isa = PBXProject;
			attributes = {
				LastUpgradeCheck = 0450;
				ORGANIZATIONNAME = "Liquid Thoughts";
			};
			buildConfigurationList = 8BC7EDDC16B1D2B300702769 /* Build configuration list for PBXProject "SimUDuck" */;
			compatibilityVersion = "Xcode 3.2";
			developmentRegion = English;
			hasScannedForEncodings = 0;
			knownRegions = (
				en,
			);
			mainGroup = 8BC7EDD716B1D2B300702769;
			productRefGroup = 8BC7EDE316B1D2B300702769 /* Products */;
			projectDirPath = "";
			projectRoot = "";
			targets = (
				8BC7EDE116B1D2B300702769 /* SimUDuck */,
			);
		};
/* End PBXProject section */

/* Begin PBXSourcesBuildPhase section */
		8BC7EDDE16B1D2B300702769 /* Sources */ = {
			isa = PBXSourcesBuildPhase;
			buildActionMask = 2147483647;
			files = (
				8BC7EDEA16B1D2B300702769 /* main.m in Sources */,
				8B52E5D816B2177400D758E7 /* DecoyDuck.m in Sources */,
				8B52E5D916B2177400D758E7 /* Duck.m in Sources */,
				8B52E5DA16B2177400D758E7 /* MallardDuck.m in Sources */,
				8B52E5DB16B2177400D758E7 /* RedheadDuck.m in Sources */,
				8B52E5DC16B2177400D758E7 /* RubberDuck.m in Sources */,
				8B52E5EE16B2178B00D758E7 /* FlyNoWay.m in Sources */,
				8B52E5EF16B2178B00D758E7 /* FlyRocketPowered.m in Sources */,
				8B52E5F016B2178B00D758E7 /* FlyWithWings.m in Sources */,
				8B52E5F116B2178B00D758E7 /* MuteQuack.m in Sources */,
				8B52E5F216B2178B00D758E7 /* Quack.m in Sources */,
				8B52E5F316B2178B00D758E7 /* Squeak.m in Sources */,
			);
			runOnlyForDeploymentPostprocessing = 0;
		};
/* End PBXSourcesBuildPhase section */

/* Begin XCBuildConfiguration section */
		8BC7EDEF16B1D2B300702769 /* Debug */ = {
			isa = XCBuildConfiguration;
			buildSettings = {
				ALWAYS_SEARCH_USER_PATHS = NO;
				ARCHS = "$(ARCHS_STANDARD_64_BIT)";
				CLANG_CXX_LANGUAGE_STANDARD = "gnu++0x";
				CLANG_CXX_LIBRARY = "libc++";
				CLANG_WARN_EMPTY_BODY = YES;
				CLANG_WARN__DUPLICATE_METHOD_MATCH = YES;
				COPY_PHASE_STRIP = NO;
				GCC_C_LANGUAGE_STANDARD = gnu99;
				GCC_DYNAMIC_NO_PIC = NO;
				GCC_ENABLE_OBJC_EXCEPTIONS = YES;
				GCC_OPTIMIZATION_LEVEL = 0;
				GCC_PREPROCESSOR_DEFINITIONS = (
					"DEBUG=1",
					"$(inherited)",
				);
				GCC_SYMBOLS_PRIVATE_EXTERN = NO;
				GCC_WARN_64_TO_32_BIT_CONVERSION = YES;
				GCC_WARN_ABOUT_RETURN_TYPE = YES;
				GCC_WARN_UNINITIALIZED_AUTOS = YES;
				GCC_WARN_UNUSED_VARIABLE = YES;
				MACOSX_DEPLOYMENT_TARGET = 10.7;
				ONLY_ACTIVE_ARCH = YES;
				SDKROOT = macosx;
			};
			name = Debug;
		};
		8BC7EDF016B1D2B300702769 /* Release */ = {
			isa = XCBuildConfiguration;
			buildSettings = {
				ALWAYS_SEARCH_USER_PATHS = NO;
				ARCHS = "$(ARCHS_STANDARD_64_BIT)";
				CLANG_CXX_LANGUAGE_STANDARD = "gnu++0x";
				CLANG_CXX_LIBRARY = "libc++";
				CLANG_WARN_EMPTY_BODY = YES;
				CLANG_WARN__DUPLICATE_METHOD_MATCH = YES;
				COPY_PHASE_STRIP = YES;
				DEBUG_INFORMATION_FORMAT = "dwarf-with-dsym";
				GCC_C_LANGUAGE_STANDARD = gnu99;
				GCC_ENABLE_OBJC_EXCEPTIONS = YES;
				GCC_WARN_64_TO_32_BIT_CONVERSION = YES;
				GCC_WARN_ABOUT_RETURN_TYPE = YES;
				GCC_WARN_UNINITIALIZED_AUTOS = YES;
				GCC_WARN_UNUSED_VARIABLE = YES;
				MACOSX_DEPLOYMENT_TARGET = 10.7;
				SDKROOT = macosx;
			};
			name = Release;
		};
		8BC7EDF216B1D2B300702769 /* Debug */ = {
			isa = XCBuildConfiguration;
			buildSettings = {
				GCC_PRECOMPILE_PREFIX_HEADER = YES;
				GCC_PREFIX_HEADER = "SimUDuck/SimUDuck-Prefix.pch";
				PRODUCT_NAME = "$(TARGET_NAME)";
			};
			name = Debug;
		};
		8BC7EDF316B1D2B300702769 /* Release */ = {
			isa = XCBuildConfiguration;
			buildSettings = {
				GCC_PRECOMPILE_PREFIX_HEADER = YES;
				GCC_PREFIX_HEADER = "SimUDuck/SimUDuck-Prefix.pch";
				PRODUCT_NAME = "$(TARGET_NAME)";
			};
			name = Release;
		};
/* End XCBuildConfiguration section */

/* Begin XCConfigurationList section */
		8BC7EDDC16B1D2B300702769 /* Build configuration list for PBXProject "SimUDuck" */ = {
			isa = XCConfigurationList;
			buildConfigurations = (
				8BC7EDEF16B1D2B300702769 /* Debug */,
				8BC7EDF016B1D2B300702769 /* Release */,
			);
			defaultConfigurationIsVisible = 0;
			defaultConfigurationName = Release;
		};
		8BC7EDF116B1D2B300702769 /* Build configuration list for PBXNativeTarget "SimUDuck" */ = {
			isa = XCConfigurationList;
			buildConfigurations = (
				8BC7EDF216B1D2B300702769 /* Debug */,
				8BC7EDF316B1D2B300702769 /* Release */,
			);
			defaultConfigurationIsVisible = 0;
			defaultConfigurationName = Release;
		};
/* End XCConfigurationList section */
	};
	rootObject = 8BC7EDD916B1D2B300702769 /* Project object */;
}
