// !$*UTF8*$!
{
	archiveVersion = 1;
	classes = {
	};
	objectVersion = 46;
	objects = {

/* Begin PBXBuildFile section */
		8BAF42DC16BB4B8000E9C016 /* Foundation.framework in Frameworks */ = {isa = PBXBuildFile; fileRef = 8BAF42DB16BB4B8000E9C016 /* Foundation.framework */; };
		8BAF42DF16BB4B8000E9C016 /* main.m in Sources */ = {isa = PBXBuildFile; fileRef = 8BAF42DE16BB4B8000E9C016 /* main.m */; };
		8BAF42E316BB4B8000E9C016 /* PizzaStore.1 in CopyFiles */ = {isa = PBXBuildFile; fileRef = 8BAF42E216BB4B8000E9C016 /* PizzaStore.1 */; };
		8BAF42F216BC81EB00E9C016 /* Pizza.m in Sources */ = {isa = PBXBuildFile; fileRef = 8BAF42F116BC81EB00E9C016 /* Pizza.m */; };
		8BAF42FE16BC8A7B00E9C016 /* CheesePizza.m in Sources */ = {isa = PBXBuildFile; fileRef = 8BAF42FD16BC8A7B00E9C016 /* CheesePizza.m */; };
		8BAF430116BC8E0D00E9C016 /* ClamPizza.m in Sources */ = {isa = PBXBuildFile; fileRef = 8BAF430016BC8E0C00E9C016 /* ClamPizza.m */; };
		8BAF430C16BC8FFB00E9C016 /* PepperoniPizza.m in Sources */ = {isa = PBXBuildFile; fileRef = 8BAF430B16BC8FFB00E9C016 /* PepperoniPizza.m */; };
		8BAF430F16BC901E00E9C016 /* VeggiePizza.m in Sources */ = {isa = PBXBuildFile; fileRef = 8BAF430E16BC901D00E9C016 /* VeggiePizza.m */; };
		8BAF431716BC96F400E9C016 /* SimplePizzaFactory.m in Sources */ = {isa = PBXBuildFile; fileRef = 8BAF431616BC96F400E9C016 /* SimplePizzaFactory.m */; };
		8BAF431F16BDC09800E9C016 /* PizzaStore.m in Sources */ = {isa = PBXBuildFile; fileRef = 8BAF431E16BDC09800E9C016 /* PizzaStore.m */; };
		8BAF432216BDC0ED00E9C016 /* NYStylePizzaStore.m in Sources */ = {isa = PBXBuildFile; fileRef = 8BAF432116BDC0ED00E9C016 /* NYStylePizzaStore.m */; };
		8BAF432516BDC10400E9C016 /* ChicagoStylePizzaStore.m in Sources */ = {isa = PBXBuildFile; fileRef = 8BAF432416BDC10400E9C016 /* ChicagoStylePizzaStore.m */; };
		8BAF432816BDC11200E9C016 /* CaliforniaStylePizzaStore.m in Sources */ = {isa = PBXBuildFile; fileRef = 8BAF432716BDC11200E9C016 /* CaliforniaStylePizzaStore.m */; };
		8BAF433216BDC4ED00E9C016 /* NYStyleCheesePizza.m in Sources */ = {isa = PBXBuildFile; fileRef = 8BAF433116BDC4ED00E9C016 /* NYStyleCheesePizza.m */; };
		8BAF433516BDC50800E9C016 /* NYStyleClamPizza.m in Sources */ = {isa = PBXBuildFile; fileRef = 8BAF433416BDC50800E9C016 /* NYStyleClamPizza.m */; };
		8BAF433816BDC52000E9C016 /* NYStylePepperoniPizza.m in Sources */ = {isa = PBXBuildFile; fileRef = 8BAF433716BDC52000E9C016 /* NYStylePepperoniPizza.m */; };
		8BAF433B16BDC53A00E9C016 /* NYStyleVeggiePizza.m in Sources */ = {isa = PBXBuildFile; fileRef = 8BAF433A16BDC53A00E9C016 /* NYStyleVeggiePizza.m */; };
		8BAF433E16BDC56600E9C016 /* ChicagoStyleCheesePizza.m in Sources */ = {isa = PBXBuildFile; fileRef = 8BAF433D16BDC56600E9C016 /* ChicagoStyleCheesePizza.m */; };
		8BAF434116BDC57300E9C016 /* ChicagoStyleClamPizza.m in Sources */ = {isa = PBXBuildFile; fileRef = 8BAF434016BDC57300E9C016 /* ChicagoStyleClamPizza.m */; };
		8BAF434416BDC58600E9C016 /* ChicagoStylePepperoniPizza.m in Sources */ = {isa = PBXBuildFile; fileRef = 8BAF434316BDC58600E9C016 /* ChicagoStylePepperoniPizza.m */; };
		8BAF434716BDC59300E9C016 /* ChicagoStyleVeggiePizza.m in Sources */ = {isa = PBXBuildFile; fileRef = 8BAF434616BDC59300E9C016 /* ChicagoStyleVeggiePizza.m */; };
		8BAF434A16BDC5A700E9C016 /* CaliforniaStyleCheesePizza.m in Sources */ = {isa = PBXBuildFile; fileRef = 8BAF434916BDC5A700E9C016 /* CaliforniaStyleCheesePizza.m */; };
		8BAF434D16BDC5B600E9C016 /* CaliforniaStyleClamPizza.m in Sources */ = {isa = PBXBuildFile; fileRef = 8BAF434C16BDC5B600E9C016 /* CaliforniaStyleClamPizza.m */; };
		8BAF435016BDC5C500E9C016 /* CaliforniaStylePepperoniPizza.m in Sources */ = {isa = PBXBuildFile; fileRef = 8BAF434F16BDC5C500E9C016 /* CaliforniaStylePepperoniPizza.m */; };
		8BAF435316BDC5D500E9C016 /* CaliforniaStyleVeggiePizza.m in Sources */ = {isa = PBXBuildFile; fileRef = 8BAF435216BDC5D400E9C016 /* CaliforniaStyleVeggiePizza.m */; };
/* End PBXBuildFile section */

/* Begin PBXCopyFilesBuildPhase section */
		8BAF42D516BB4B8000E9C016 /* CopyFiles */ = {
			isa = PBXCopyFilesBuildPhase;
			buildActionMask = 2147483647;
			dstPath = /usr/share/man/man1/;
			dstSubfolderSpec = 0;
			files = (
				8BAF42E316BB4B8000E9C016 /* PizzaStore.1 in CopyFiles */,
			);
			runOnlyForDeploymentPostprocessing = 1;
		};
/* End PBXCopyFilesBuildPhase section */

/* Begin PBXFileReference section */
		8BAF42D716BB4B8000E9C016 /* PizzaStore */ = {isa = PBXFileReference; explicitFileType = "compiled.mach-o.executable"; includeInIndex = 0; path = PizzaStore; sourceTree = BUILT_PRODUCTS_DIR; };
		8BAF42DB16BB4B8000E9C016 /* Foundation.framework */ = {isa = PBXFileReference; lastKnownFileType = wrapper.framework; name = Foundation.framework; path = System/Library/Frameworks/Foundation.framework; sourceTree = SDKROOT; };
		8BAF42DE16BB4B8000E9C016 /* main.m */ = {isa = PBXFileReference; lastKnownFileType = sourcecode.c.objc; path = main.m; sourceTree = "<group>"; };
		8BAF42E116BB4B8000E9C016 /* PizzaStore-Prefix.pch */ = {isa = PBXFileReference; lastKnownFileType = sourcecode.c.h; path = "PizzaStore-Prefix.pch"; sourceTree = "<group>"; };
		8BAF42E216BB4B8000E9C016 /* PizzaStore.1 */ = {isa = PBXFileReference; lastKnownFileType = text.man; path = PizzaStore.1; sourceTree = "<group>"; };
		8BAF42F016BC81EB00E9C016 /* Pizza.h */ = {isa = PBXFileReference; fileEncoding = 4; lastKnownFileType = sourcecode.c.h; name = Pizza.h; path = Pizzas/Pizza.h; sourceTree = "<group>"; };
		8BAF42F116BC81EB00E9C016 /* Pizza.m */ = {isa = PBXFileReference; fileEncoding = 4; lastKnownFileType = sourcecode.c.objc; name = Pizza.m; path = Pizzas/Pizza.m; sourceTree = "<group>"; };
		8BAF42FB16BC89F500E9C016 /* Pizzas.h */ = {isa = PBXFileReference; lastKnownFileType = sourcecode.c.h; name = Pizzas.h; path = Pizzas/Pizzas.h; sourceTree = "<group>"; };
		8BAF42FC16BC8A7B00E9C016 /* CheesePizza.h */ = {isa = PBXFileReference; fileEncoding = 4; lastKnownFileType = sourcecode.c.h; name = CheesePizza.h; path = Pizzas/CheesePizza.h; sourceTree = "<group>"; };
		8BAF42FD16BC8A7B00E9C016 /* CheesePizza.m */ = {isa = PBXFileReference; fileEncoding = 4; lastKnownFileType = sourcecode.c.objc; name = CheesePizza.m; path = Pizzas/CheesePizza.m; sourceTree = "<group>"; };
		8BAF42FF16BC8E0C00E9C016 /* ClamPizza.h */ = {isa = PBXFileReference; fileEncoding = 4; lastKnownFileType = sourcecode.c.h; name = ClamPizza.h; path = Pizzas/ClamPizza.h; sourceTree = "<group>"; };
		8BAF430016BC8E0C00E9C016 /* ClamPizza.m */ = {isa = PBXFileReference; fileEncoding = 4; lastKnownFileType = sourcecode.c.objc; name = ClamPizza.m; path = Pizzas/ClamPizza.m; sourceTree = "<group>"; };
		8BAF430A16BC8FFB00E9C016 /* PepperoniPizza.h */ = {isa = PBXFileReference; fileEncoding = 4; lastKnownFileType = sourcecode.c.h; name = PepperoniPizza.h; path = Pizzas/PepperoniPizza.h; sourceTree = "<group>"; };
		8BAF430B16BC8FFB00E9C016 /* PepperoniPizza.m */ = {isa = PBXFileReference; fileEncoding = 4; lastKnownFileType = sourcecode.c.objc; name = PepperoniPizza.m; path = Pizzas/PepperoniPizza.m; sourceTree = "<group>"; };
		8BAF430D16BC901D00E9C016 /* VeggiePizza.h */ = {isa = PBXFileReference; fileEncoding = 4; lastKnownFileType = sourcecode.c.h; name = VeggiePizza.h; path = Pizzas/VeggiePizza.h; sourceTree = "<group>"; };
		8BAF430E16BC901D00E9C016 /* VeggiePizza.m */ = {isa = PBXFileReference; fileEncoding = 4; lastKnownFileType = sourcecode.c.objc; name = VeggiePizza.m; path = Pizzas/VeggiePizza.m; sourceTree = "<group>"; };
		8BAF431016BC908200E9C016 /* PizzaType.h */ = {isa = PBXFileReference; fileEncoding = 4; lastKnownFileType = sourcecode.c.h; name = PizzaType.h; path = Pizzas/PizzaType.h; sourceTree = "<group>"; };
		8BAF431516BC96F400E9C016 /* SimplePizzaFactory.h */ = {isa = PBXFileReference; fileEncoding = 4; lastKnownFileType = sourcecode.c.h; path = SimplePizzaFactory.h; sourceTree = "<group>"; };
		8BAF431616BC96F400E9C016 /* SimplePizzaFactory.m */ = {isa = PBXFileReference; fileEncoding = 4; lastKnownFileType = sourcecode.c.objc; path = SimplePizzaFactory.m; sourceTree = "<group>"; };
		8BAF431D16BDC09800E9C016 /* PizzaStore.h */ = {isa = PBXFileReference; fileEncoding = 4; lastKnownFileType = sourcecode.c.h; path = PizzaStore.h; sourceTree = "<group>"; };
		8BAF431E16BDC09800E9C016 /* PizzaStore.m */ = {isa = PBXFileReference; fileEncoding = 4; lastKnownFileType = sourcecode.c.objc; path = PizzaStore.m; sourceTree = "<group>"; };
		8BAF432016BDC0ED00E9C016 /* NYStylePizzaStore.h */ = {isa = PBXFileReference; fileEncoding = 4; lastKnownFileType = sourcecode.c.h; path = NYStylePizzaStore.h; sourceTree = "<group>"; };
		8BAF432116BDC0ED00E9C016 /* NYStylePizzaStore.m */ = {isa = PBXFileReference; fileEncoding = 4; lastKnownFileType = sourcecode.c.objc; path = NYStylePizzaStore.m; sourceTree = "<group>"; };
		8BAF432316BDC10400E9C016 /* ChicagoStylePizzaStore.h */ = {isa = PBXFileReference; fileEncoding = 4; lastKnownFileType = sourcecode.c.h; path = ChicagoStylePizzaStore.h; sourceTree = "<group>"; };
		8BAF432416BDC10400E9C016 /* ChicagoStylePizzaStore.m */ = {isa = PBXFileReference; fileEncoding = 4; lastKnownFileType = sourcecode.c.objc; path = ChicagoStylePizzaStore.m; sourceTree = "<group>"; };
		8BAF432616BDC11200E9C016 /* CaliforniaStylePizzaStore.h */ = {isa = PBXFileReference; fileEncoding = 4; lastKnownFileType = sourcecode.c.h; path = CaliforniaStylePizzaStore.h; sourceTree = "<group>"; };
		8BAF432716BDC11200E9C016 /* CaliforniaStylePizzaStore.m */ = {isa = PBXFileReference; fileEncoding = 4; lastKnownFileType = sourcecode.c.objc; path = CaliforniaStylePizzaStore.m; sourceTree = "<group>"; };
		8BAF432916BDC28B00E9C016 /* PizzaStores.h */ = {isa = PBXFileReference; fileEncoding = 4; lastKnownFileType = sourcecode.c.h; path = PizzaStores.h; sourceTree = "<group>"; };
		8BAF433016BDC4ED00E9C016 /* NYStyleCheesePizza.h */ = {isa = PBXFileReference; fileEncoding = 4; lastKnownFileType = sourcecode.c.h; path = NYStyleCheesePizza.h; sourceTree = "<group>"; };
		8BAF433116BDC4ED00E9C016 /* NYStyleCheesePizza.m */ = {isa = PBXFileReference; fileEncoding = 4; lastKnownFileType = sourcecode.c.objc; path = NYStyleCheesePizza.m; sourceTree = "<group>"; };
		8BAF433316BDC50800E9C016 /* NYStyleClamPizza.h */ = {isa = PBXFileReference; fileEncoding = 4; lastKnownFileType = sourcecode.c.h; path = NYStyleClamPizza.h; sourceTree = "<group>"; };
		8BAF433416BDC50800E9C016 /* NYStyleClamPizza.m */ = {isa = PBXFileReference; fileEncoding = 4; lastKnownFileType = sourcecode.c.objc; path = NYStyleClamPizza.m; sourceTree = "<group>"; };
		8BAF433616BDC52000E9C016 /* NYStylePepperoniPizza.h */ = {isa = PBXFileReference; fileEncoding = 4; lastKnownFileType = sourcecode.c.h; path = NYStylePepperoniPizza.h; sourceTree = "<group>"; };
		8BAF433716BDC52000E9C016 /* NYStylePepperoniPizza.m */ = {isa = PBXFileReference; fileEncoding = 4; lastKnownFileType = sourcecode.c.objc; path = NYStylePepperoniPizza.m; sourceTree = "<group>"; };
		8BAF433916BDC53A00E9C016 /* NYStyleVeggiePizza.h */ = {isa = PBXFileReference; fileEncoding = 4; lastKnownFileType = sourcecode.c.h; path = NYStyleVeggiePizza.h; sourceTree = "<group>"; };
		8BAF433A16BDC53A00E9C016 /* NYStyleVeggiePizza.m */ = {isa = PBXFileReference; fileEncoding = 4; lastKnownFileType = sourcecode.c.objc; path = NYStyleVeggiePizza.m; sourceTree = "<group>"; };
		8BAF433C16BDC56600E9C016 /* ChicagoStyleCheesePizza.h */ = {isa = PBXFileReference; fileEncoding = 4; lastKnownFileType = sourcecode.c.h; path = ChicagoStyleCheesePizza.h; sourceTree = "<group>"; };
		8BAF433D16BDC56600E9C016 /* ChicagoStyleCheesePizza.m */ = {isa = PBXFileReference; fileEncoding = 4; lastKnownFileType = sourcecode.c.objc; path = ChicagoStyleCheesePizza.m; sourceTree = "<group>"; };
		8BAF433F16BDC57300E9C016 /* ChicagoStyleClamPizza.h */ = {isa = PBXFileReference; fileEncoding = 4; lastKnownFileType = sourcecode.c.h; path = ChicagoStyleClamPizza.h; sourceTree = "<group>"; };
		8BAF434016BDC57300E9C016 /* ChicagoStyleClamPizza.m */ = {isa = PBXFileReference; fileEncoding = 4; lastKnownFileType = sourcecode.c.objc; path = ChicagoStyleClamPizza.m; sourceTree = "<group>"; };
		8BAF434216BDC58600E9C016 /* ChicagoStylePepperoniPizza.h */ = {isa = PBXFileReference; fileEncoding = 4; lastKnownFileType = sourcecode.c.h; path = ChicagoStylePepperoniPizza.h; sourceTree = "<group>"; };
		8BAF434316BDC58600E9C016 /* ChicagoStylePepperoniPizza.m */ = {isa = PBXFileReference; fileEncoding = 4; lastKnownFileType = sourcecode.c.objc; path = ChicagoStylePepperoniPizza.m; sourceTree = "<group>"; };
		8BAF434516BDC59300E9C016 /* ChicagoStyleVeggiePizza.h */ = {isa = PBXFileReference; fileEncoding = 4; lastKnownFileType = sourcecode.c.h; path = ChicagoStyleVeggiePizza.h; sourceTree = "<group>"; };
		8BAF434616BDC59300E9C016 /* ChicagoStyleVeggiePizza.m */ = {isa = PBXFileReference; fileEncoding = 4; lastKnownFileType = sourcecode.c.objc; path = ChicagoStyleVeggiePizza.m; sourceTree = "<group>"; };
		8BAF434816BDC5A700E9C016 /* CaliforniaStyleCheesePizza.h */ = {isa = PBXFileReference; fileEncoding = 4; lastKnownFileType = sourcecode.c.h; path = CaliforniaStyleCheesePizza.h; sourceTree = "<group>"; };
		8BAF434916BDC5A700E9C016 /* CaliforniaStyleCheesePizza.m */ = {isa = PBXFileReference; fileEncoding = 4; lastKnownFileType = sourcecode.c.objc; path = CaliforniaStyleCheesePizza.m; sourceTree = "<group>"; };
		8BAF434B16BDC5B600E9C016 /* CaliforniaStyleClamPizza.h */ = {isa = PBXFileReference; fileEncoding = 4; lastKnownFileType = sourcecode.c.h; path = CaliforniaStyleClamPizza.h; sourceTree = "<group>"; };
		8BAF434C16BDC5B600E9C016 /* CaliforniaStyleClamPizza.m */ = {isa = PBXFileReference; fileEncoding = 4; lastKnownFileType = sourcecode.c.objc; path = CaliforniaStyleClamPizza.m; sourceTree = "<group>"; };
		8BAF434E16BDC5C500E9C016 /* CaliforniaStylePepperoniPizza.h */ = {isa = PBXFileReference; fileEncoding = 4; lastKnownFileType = sourcecode.c.h; path = CaliforniaStylePepperoniPizza.h; sourceTree = "<group>"; };
		8BAF434F16BDC5C500E9C016 /* CaliforniaStylePepperoniPizza.m */ = {isa = PBXFileReference; fileEncoding = 4; lastKnownFileType = sourcecode.c.objc; path = CaliforniaStylePepperoniPizza.m; sourceTree = "<group>"; };
		8BAF435116BDC5D400E9C016 /* CaliforniaStyleVeggiePizza.h */ = {isa = PBXFileReference; fileEncoding = 4; lastKnownFileType = sourcecode.c.h; path = CaliforniaStyleVeggiePizza.h; sourceTree = "<group>"; };
		8BAF435216BDC5D400E9C016 /* CaliforniaStyleVeggiePizza.m */ = {isa = PBXFileReference; fileEncoding = 4; lastKnownFileType = sourcecode.c.objc; path = CaliforniaStyleVeggiePizza.m; sourceTree = "<group>"; };
		8BAF435416BDC77600E9C016 /* CaliforniaStylePizzas.h */ = {isa = PBXFileReference; fileEncoding = 4; lastKnownFileType = sourcecode.c.h; path = CaliforniaStylePizzas.h; sourceTree = "<group>"; };
		8BAF435516BDC7BB00E9C016 /* ChicagoStylePizzas.h */ = {isa = PBXFileReference; fileEncoding = 4; lastKnownFileType = sourcecode.c.h; path = ChicagoStylePizzas.h; sourceTree = "<group>"; };
		8BAF435616BDC7F800E9C016 /* NYStylePizzas.h */ = {isa = PBXFileReference; fileEncoding = 4; lastKnownFileType = sourcecode.c.h; path = NYStylePizzas.h; sourceTree = "<group>"; };
/* End PBXFileReference section */

/* Begin PBXFrameworksBuildPhase section */
		8BAF42D416BB4B8000E9C016 /* Frameworks */ = {
			isa = PBXFrameworksBuildPhase;
			buildActionMask = 2147483647;
			files = (
				8BAF42DC16BB4B8000E9C016 /* Foundation.framework in Frameworks */,
			);
			runOnlyForDeploymentPostprocessing = 0;
		};
/* End PBXFrameworksBuildPhase section */

/* Begin PBXGroup section */
		8BAF42CC16BB4B8000E9C016 = {
			isa = PBXGroup;
			children = (
				8BAF42DD16BB4B8000E9C016 /* PizzaStore */,
				8BAF42DA16BB4B8000E9C016 /* Frameworks */,
				8BAF42D816BB4B8000E9C016 /* Products */,
			);
			sourceTree = "<group>";
		};
		8BAF42D816BB4B8000E9C016 /* Products */ = {
			isa = PBXGroup;
			children = (
				8BAF42D716BB4B8000E9C016 /* PizzaStore */,
			);
			name = Products;
			sourceTree = "<group>";
		};
		8BAF42DA16BB4B8000E9C016 /* Frameworks */ = {
			isa = PBXGroup;
			children = (
				8BAF42DB16BB4B8000E9C016 /* Foundation.framework */,
			);
			name = Frameworks;
			sourceTree = "<group>";
		};
		8BAF42DD16BB4B8000E9C016 /* PizzaStore */ = {
			isa = PBXGroup;
			children = (
				8BAF42DE16BB4B8000E9C016 /* main.m */,
				8BAF42EC16BB507900E9C016 /* Pizzas */,
				8BAF431416BC96F400E9C016 /* PizzaFactories */,
				8BAF431B16BDC09800E9C016 /* PizzaStores */,
				8BAF42E016BB4B8000E9C016 /* Supporting Files */,
			);
			path = PizzaStore;
			sourceTree = "<group>";
		};
		8BAF42E016BB4B8000E9C016 /* Supporting Files */ = {
			isa = PBXGroup;
			children = (
				8BAF42E216BB4B8000E9C016 /* PizzaStore.1 */,
				8BAF42E116BB4B8000E9C016 /* PizzaStore-Prefix.pch */,
			);
			name = "Supporting Files";
			sourceTree = "<group>";
		};
		8BAF42EC16BB507900E9C016 /* Pizzas */ = {
			isa = PBXGroup;
			children = (
				8BAF432D16BDC4EC00E9C016 /* CaliforniaStyle */,
				8BAF432E16BDC4EC00E9C016 /* ChicagoStyle */,
				8BAF432F16BDC4ED00E9C016 /* NYStyle */,
				8BAF431016BC908200E9C016 /* PizzaType.h */,
				8BAF42FB16BC89F500E9C016 /* Pizzas.h */,
				8BAF42F016BC81EB00E9C016 /* Pizza.h */,
				8BAF42F116BC81EB00E9C016 /* Pizza.m */,
				8BAF42FC16BC8A7B00E9C016 /* CheesePizza.h */,
				8BAF42FD16BC8A7B00E9C016 /* CheesePizza.m */,
				8BAF42FF16BC8E0C00E9C016 /* ClamPizza.h */,
				8BAF430016BC8E0C00E9C016 /* ClamPizza.m */,
				8BAF430A16BC8FFB00E9C016 /* PepperoniPizza.h */,
				8BAF430B16BC8FFB00E9C016 /* PepperoniPizza.m */,
				8BAF430D16BC901D00E9C016 /* VeggiePizza.h */,
				8BAF430E16BC901D00E9C016 /* VeggiePizza.m */,
			);
			name = Pizzas;
			sourceTree = "<group>";
		};
		8BAF431416BC96F400E9C016 /* PizzaFactories */ = {
			isa = PBXGroup;
			children = (
				8BAF431516BC96F400E9C016 /* SimplePizzaFactory.h */,
				8BAF431616BC96F400E9C016 /* SimplePizzaFactory.m */,
			);
			path = PizzaFactories;
			sourceTree = "<group>";
		};
		8BAF431B16BDC09800E9C016 /* PizzaStores */ = {
			isa = PBXGroup;
			children = (
				8BAF432916BDC28B00E9C016 /* PizzaStores.h */,
				8BAF431D16BDC09800E9C016 /* PizzaStore.h */,
				8BAF431E16BDC09800E9C016 /* PizzaStore.m */,
				8BAF432016BDC0ED00E9C016 /* NYStylePizzaStore.h */,
				8BAF432116BDC0ED00E9C016 /* NYStylePizzaStore.m */,
				8BAF432316BDC10400E9C016 /* ChicagoStylePizzaStore.h */,
				8BAF432416BDC10400E9C016 /* ChicagoStylePizzaStore.m */,
				8BAF432616BDC11200E9C016 /* CaliforniaStylePizzaStore.h */,
				8BAF432716BDC11200E9C016 /* CaliforniaStylePizzaStore.m */,
			);
			path = PizzaStores;
			sourceTree = "<group>";
		};
		8BAF432D16BDC4EC00E9C016 /* CaliforniaStyle */ = {
			isa = PBXGroup;
			children = (
				8BAF435416BDC77600E9C016 /* CaliforniaStylePizzas.h */,
				8BAF434816BDC5A700E9C016 /* CaliforniaStyleCheesePizza.h */,
				8BAF434916BDC5A700E9C016 /* CaliforniaStyleCheesePizza.m */,
				8BAF434B16BDC5B600E9C016 /* CaliforniaStyleClamPizza.h */,
				8BAF434C16BDC5B600E9C016 /* CaliforniaStyleClamPizza.m */,
				8BAF434E16BDC5C500E9C016 /* CaliforniaStylePepperoniPizza.h */,
				8BAF434F16BDC5C500E9C016 /* CaliforniaStylePepperoniPizza.m */,
				8BAF435116BDC5D400E9C016 /* CaliforniaStyleVeggiePizza.h */,
				8BAF435216BDC5D400E9C016 /* CaliforniaStyleVeggiePizza.m */,
			);
			name = CaliforniaStyle;
			path = Pizzas/CaliforniaStyle;
			sourceTree = "<group>";
		};
		8BAF432E16BDC4EC00E9C016 /* ChicagoStyle */ = {
			isa = PBXGroup;
			children = (
				8BAF435516BDC7BB00E9C016 /* ChicagoStylePizzas.h */,
				8BAF433C16BDC56600E9C016 /* ChicagoStyleCheesePizza.h */,
				8BAF433D16BDC56600E9C016 /* ChicagoStyleCheesePizza.m */,
				8BAF433F16BDC57300E9C016 /* ChicagoStyleClamPizza.h */,
				8BAF434016BDC57300E9C016 /* ChicagoStyleClamPizza.m */,
				8BAF434216BDC58600E9C016 /* ChicagoStylePepperoniPizza.h */,
				8BAF434316BDC58600E9C016 /* ChicagoStylePepperoniPizza.m */,
				8BAF434516BDC59300E9C016 /* ChicagoStyleVeggiePizza.h */,
				8BAF434616BDC59300E9C016 /* ChicagoStyleVeggiePizza.m */,
			);
			name = ChicagoStyle;
			path = Pizzas/ChicagoStyle;
			sourceTree = "<group>";
		};
		8BAF432F16BDC4ED00E9C016 /* NYStyle */ = {
			isa = PBXGroup;
			children = (
				8BAF435616BDC7F800E9C016 /* NYStylePizzas.h */,
				8BAF433016BDC4ED00E9C016 /* NYStyleCheesePizza.h */,
				8BAF433116BDC4ED00E9C016 /* NYStyleCheesePizza.m */,
				8BAF433316BDC50800E9C016 /* NYStyleClamPizza.h */,
				8BAF433416BDC50800E9C016 /* NYStyleClamPizza.m */,
				8BAF433616BDC52000E9C016 /* NYStylePepperoniPizza.h */,
				8BAF433716BDC52000E9C016 /* NYStylePepperoniPizza.m */,
				8BAF433916BDC53A00E9C016 /* NYStyleVeggiePizza.h */,
				8BAF433A16BDC53A00E9C016 /* NYStyleVeggiePizza.m */,
			);
			name = NYStyle;
			path = Pizzas/NYStyle;
			sourceTree = "<group>";
		};
/* End PBXGroup section */

/* Begin PBXNativeTarget section */
		8BAF42D616BB4B8000E9C016 /* PizzaStore */ = {
			isa = PBXNativeTarget;
			buildConfigurationList = 8BAF42E616BB4B8000E9C016 /* Build configuration list for PBXNativeTarget "PizzaStore" */;
			buildPhases = (
				8BAF42D316BB4B8000E9C016 /* Sources */,
				8BAF42D416BB4B8000E9C016 /* Frameworks */,
				8BAF42D516BB4B8000E9C016 /* CopyFiles */,
			);
			buildRules = (
			);
			dependencies = (
			);
			name = PizzaStore;
			productName = PizzaStore;
			productReference = 8BAF42D716BB4B8000E9C016 /* PizzaStore */;
			productType = "com.apple.product-type.tool";
		};
/* End PBXNativeTarget section */

/* Begin PBXProject section */
		8BAF42CE16BB4B8000E9C016 /* Project object */ = {
			isa = PBXProject;
			attributes = {
				LastUpgradeCheck = 0450;
				ORGANIZATIONNAME = "Liquid Thoughts";
			};
			buildConfigurationList = 8BAF42D116BB4B8000E9C016 /* Build configuration list for PBXProject "PizzaStore" */;
			compatibilityVersion = "Xcode 3.2";
			developmentRegion = English;
			hasScannedForEncodings = 0;
			knownRegions = (
				en,
			);
			mainGroup = 8BAF42CC16BB4B8000E9C016;
			productRefGroup = 8BAF42D816BB4B8000E9C016 /* Products */;
			projectDirPath = "";
			projectRoot = "";
			targets = (
				8BAF42D616BB4B8000E9C016 /* PizzaStore */,
			);
		};
/* End PBXProject section */

/* Begin PBXSourcesBuildPhase section */
		8BAF42D316BB4B8000E9C016 /* Sources */ = {
			isa = PBXSourcesBuildPhase;
			buildActionMask = 2147483647;
			files = (
				8BAF42DF16BB4B8000E9C016 /* main.m in Sources */,
				8BAF42F216BC81EB00E9C016 /* Pizza.m in Sources */,
				8BAF42FE16BC8A7B00E9C016 /* CheesePizza.m in Sources */,
				8BAF430116BC8E0D00E9C016 /* ClamPizza.m in Sources */,
				8BAF430C16BC8FFB00E9C016 /* PepperoniPizza.m in Sources */,
				8BAF430F16BC901E00E9C016 /* VeggiePizza.m in Sources */,
				8BAF431716BC96F400E9C016 /* SimplePizzaFactory.m in Sources */,
				8BAF431F16BDC09800E9C016 /* PizzaStore.m in Sources */,
				8BAF432216BDC0ED00E9C016 /* NYStylePizzaStore.m in Sources */,
				8BAF432516BDC10400E9C016 /* ChicagoStylePizzaStore.m in Sources */,
				8BAF432816BDC11200E9C016 /* CaliforniaStylePizzaStore.m in Sources */,
				8BAF433216BDC4ED00E9C016 /* NYStyleCheesePizza.m in Sources */,
				8BAF433516BDC50800E9C016 /* NYStyleClamPizza.m in Sources */,
				8BAF433816BDC52000E9C016 /* NYStylePepperoniPizza.m in Sources */,
				8BAF433B16BDC53A00E9C016 /* NYStyleVeggiePizza.m in Sources */,
				8BAF433E16BDC56600E9C016 /* ChicagoStyleCheesePizza.m in Sources */,
				8BAF434116BDC57300E9C016 /* ChicagoStyleClamPizza.m in Sources */,
				8BAF434416BDC58600E9C016 /* ChicagoStylePepperoniPizza.m in Sources */,
				8BAF434716BDC59300E9C016 /* ChicagoStyleVeggiePizza.m in Sources */,
				8BAF434A16BDC5A700E9C016 /* CaliforniaStyleCheesePizza.m in Sources */,
				8BAF434D16BDC5B600E9C016 /* CaliforniaStyleClamPizza.m in Sources */,
				8BAF435016BDC5C500E9C016 /* CaliforniaStylePepperoniPizza.m in Sources */,
				8BAF435316BDC5D500E9C016 /* CaliforniaStyleVeggiePizza.m in Sources */,
			);
			runOnlyForDeploymentPostprocessing = 0;
		};
/* End PBXSourcesBuildPhase section */

/* Begin XCBuildConfiguration section */
		8BAF42E416BB4B8000E9C016 /* Debug */ = {
			isa = XCBuildConfiguration;
			buildSettings = {
				ALWAYS_SEARCH_USER_PATHS = NO;
				ARCHS = "$(ARCHS_STANDARD_64_BIT)";
				CLANG_CXX_LANGUAGE_STANDARD = "gnu++0x";
				CLANG_CXX_LIBRARY = "libc++";
				CLANG_WARN_EMPTY_BODY = YES;
				CLANG_WARN__DUPLICATE_METHOD_MATCH = YES;
				COPY_PHASE_STRIP = NO;
				GCC_C_LANGUAGE_STANDARD = gnu99;
				GCC_DYNAMIC_NO_PIC = NO;
				GCC_ENABLE_OBJC_EXCEPTIONS = YES;
				GCC_OPTIMIZATION_LEVEL = 0;
				GCC_PREPROCESSOR_DEFINITIONS = (
					"DEBUG=1",
					"$(inherited)",
				);
				GCC_SYMBOLS_PRIVATE_EXTERN = NO;
				GCC_WARN_64_TO_32_BIT_CONVERSION = YES;
				GCC_WARN_ABOUT_RETURN_TYPE = YES;
				GCC_WARN_UNINITIALIZED_AUTOS = YES;
				GCC_WARN_UNUSED_VARIABLE = YES;
				MACOSX_DEPLOYMENT_TARGET = 10.7;
				ONLY_ACTIVE_ARCH = YES;
				SDKROOT = macosx;
			};
			name = Debug;
		};
		8BAF42E516BB4B8000E9C016 /* Release */ = {
			isa = XCBuildConfiguration;
			buildSettings = {
				ALWAYS_SEARCH_USER_PATHS = NO;
				ARCHS = "$(ARCHS_STANDARD_64_BIT)";
				CLANG_CXX_LANGUAGE_STANDARD = "gnu++0x";
				CLANG_CXX_LIBRARY = "libc++";
				CLANG_WARN_EMPTY_BODY = YES;
				CLANG_WARN__DUPLICATE_METHOD_MATCH = YES;
				COPY_PHASE_STRIP = YES;
				DEBUG_INFORMATION_FORMAT = "dwarf-with-dsym";
				GCC_C_LANGUAGE_STANDARD = gnu99;
				GCC_ENABLE_OBJC_EXCEPTIONS = YES;
				GCC_WARN_64_TO_32_BIT_CONVERSION = YES;
				GCC_WARN_ABOUT_RETURN_TYPE = YES;
				GCC_WARN_UNINITIALIZED_AUTOS = YES;
				GCC_WARN_UNUSED_VARIABLE = YES;
				MACOSX_DEPLOYMENT_TARGET = 10.7;
				SDKROOT = macosx;
			};
			name = Release;
		};
		8BAF42E716BB4B8000E9C016 /* Debug */ = {
			isa = XCBuildConfiguration;
			buildSettings = {
				GCC_PRECOMPILE_PREFIX_HEADER = YES;
				GCC_PREFIX_HEADER = "PizzaStore/PizzaStore-Prefix.pch";
				PRODUCT_NAME = "$(TARGET_NAME)";
			};
			name = Debug;
		};
		8BAF42E816BB4B8000E9C016 /* Release */ = {
			isa = XCBuildConfiguration;
			buildSettings = {
				GCC_PRECOMPILE_PREFIX_HEADER = YES;
				GCC_PREFIX_HEADER = "PizzaStore/PizzaStore-Prefix.pch";
				PRODUCT_NAME = "$(TARGET_NAME)";
			};
			name = Release;
		};
/* End XCBuildConfiguration section */

/* Begin XCConfigurationList section */
		8BAF42D116BB4B8000E9C016 /* Build configuration list for PBXProject "PizzaStore" */ = {
			isa = XCConfigurationList;
			buildConfigurations = (
				8BAF42E416BB4B8000E9C016 /* Debug */,
				8BAF42E516BB4B8000E9C016 /* Release */,
			);
			defaultConfigurationIsVisible = 0;
			defaultConfigurationName = Release;
		};
		8BAF42E616BB4B8000E9C016 /* Build configuration list for PBXNativeTarget "PizzaStore" */ = {
			isa = XCConfigurationList;
			buildConfigurations = (
				8BAF42E716BB4B8000E9C016 /* Debug */,
				8BAF42E816BB4B8000E9C016 /* Release */,
			);
			defaultConfigurationIsVisible = 0;
		};
/* End XCConfigurationList section */
	};
	rootObject = 8BAF42CE16BB4B8000E9C016 /* Project object */;
}
