// !$*UTF8*$!
{
	archiveVersion = 1;
	classes = {
	};
	objectVersion = 46;
	objects = {

/* Begin PBXBuildFile section */
		8B28ABBD16BE34730097D5CC /* PepperoniPizza.m in Sources */ = {isa = PBXBuildFile; fileRef = 8B28ABBA16BE34730097D5CC /* PepperoniPizza.m */; };
		8B28ABBE16BE34730097D5CC /* VeggiePizza.m in Sources */ = {isa = PBXBuildFile; fileRef = 8B28ABBC16BE34730097D5CC /* VeggiePizza.m */; };
		8BAF42DC16BB4B8000E9C016 /* Foundation.framework in Frameworks */ = {isa = PBXBuildFile; fileRef = 8BAF42DB16BB4B8000E9C016 /* Foundation.framework */; };
		8BAF42DF16BB4B8000E9C016 /* main.m in Sources */ = {isa = PBXBuildFile; fileRef = 8BAF42DE16BB4B8000E9C016 /* main.m */; };
		8BAF42E316BB4B8000E9C016 /* PizzaStore.1 in CopyFiles */ = {isa = PBXBuildFile; fileRef = 8BAF42E216BB4B8000E9C016 /* PizzaStore.1 */; };
		8BAF42F216BC81EB00E9C016 /* Pizza.m in Sources */ = {isa = PBXBuildFile; fileRef = 8BAF42F116BC81EB00E9C016 /* Pizza.m */; };
		8BAF431F16BDC09800E9C016 /* PizzaStore.m in Sources */ = {isa = PBXBuildFile; fileRef = 8BAF431E16BDC09800E9C016 /* PizzaStore.m */; };
		8BAF432216BDC0ED00E9C016 /* NYStylePizzaStore.m in Sources */ = {isa = PBXBuildFile; fileRef = 8BAF432116BDC0ED00E9C016 /* NYStylePizzaStore.m */; };
		8BAF432516BDC10400E9C016 /* ChicagoStylePizzaStore.m in Sources */ = {isa = PBXBuildFile; fileRef = 8BAF432416BDC10400E9C016 /* ChicagoStylePizzaStore.m */; };
		8BAF432816BDC11200E9C016 /* CaliforniaStylePizzaStore.m in Sources */ = {isa = PBXBuildFile; fileRef = 8BAF432716BDC11200E9C016 /* CaliforniaStylePizzaStore.m */; };
		8BAF436516BE121D00E9C016 /* NYPizzaIngredientFactory.m in Sources */ = {isa = PBXBuildFile; fileRef = 8BAF436416BE121D00E9C016 /* NYPizzaIngredientFactory.m */; };
		8BAF437716BE131F00E9C016 /* ThinCrustDough.m in Sources */ = {isa = PBXBuildFile; fileRef = 8BAF437616BE131F00E9C016 /* ThinCrustDough.m */; };
		8BAF437B16BE1A2800E9C016 /* MarinaraSauce.m in Sources */ = {isa = PBXBuildFile; fileRef = 8BAF437A16BE1A2700E9C016 /* MarinaraSauce.m */; };
		8BAF437F16BE1B4F00E9C016 /* SlicedPepperoni.m in Sources */ = {isa = PBXBuildFile; fileRef = 8BAF437E16BE1B4F00E9C016 /* SlicedPepperoni.m */; };
		8BAF438316BE1C2C00E9C016 /* ReggianoCheese.m in Sources */ = {isa = PBXBuildFile; fileRef = 8BAF438216BE1C2C00E9C016 /* ReggianoCheese.m */; };
		8BAF438C16BE1E4400E9C016 /* Garlic.m in Sources */ = {isa = PBXBuildFile; fileRef = 8BAF438B16BE1E4400E9C016 /* Garlic.m */; };
		8BAF439316BE1F0700E9C016 /* Mushroom.m in Sources */ = {isa = PBXBuildFile; fileRef = 8BAF438E16BE1F0600E9C016 /* Mushroom.m */; };
		8BAF439416BE1F0700E9C016 /* Onion.m in Sources */ = {isa = PBXBuildFile; fileRef = 8BAF439016BE1F0600E9C016 /* Onion.m */; };
		8BAF439516BE1F0700E9C016 /* RedPepper.m in Sources */ = {isa = PBXBuildFile; fileRef = 8BAF439216BE1F0700E9C016 /* RedPepper.m */; };
		8BAF439A16BE20C600E9C016 /* CaliforniaPizzaIngredientFactory.m in Sources */ = {isa = PBXBuildFile; fileRef = 8BAF439716BE20C500E9C016 /* CaliforniaPizzaIngredientFactory.m */; };
		8BAF439B16BE20C600E9C016 /* ChicagoPizzaIngredientFactory.m in Sources */ = {isa = PBXBuildFile; fileRef = 8BAF439916BE20C600E9C016 /* ChicagoPizzaIngredientFactory.m */; };
		8BAF43A016BE217C00E9C016 /* GoatCheese.m in Sources */ = {isa = PBXBuildFile; fileRef = 8BAF439D16BE217A00E9C016 /* GoatCheese.m */; };
		8BAF43A116BE217C00E9C016 /* MozzarellaCheese.m in Sources */ = {isa = PBXBuildFile; fileRef = 8BAF439F16BE217B00E9C016 /* MozzarellaCheese.m */; };
		8BAF43AC16BE22E000E9C016 /* ThickCrustDough.m in Sources */ = {isa = PBXBuildFile; fileRef = 8BAF43A916BE22DE00E9C016 /* ThickCrustDough.m */; };
		8BAF43AD16BE22E000E9C016 /* VeryThinCrustDough.m in Sources */ = {isa = PBXBuildFile; fileRef = 8BAF43AB16BE22DF00E9C016 /* VeryThinCrustDough.m */; };
		8BAF43B216BE23AC00E9C016 /* BruschettaSauce.m in Sources */ = {isa = PBXBuildFile; fileRef = 8BAF43AF16BE23AB00E9C016 /* BruschettaSauce.m */; };
		8BAF43B316BE23AC00E9C016 /* PlumTomatoSauce.m in Sources */ = {isa = PBXBuildFile; fileRef = 8BAF43B116BE23AC00E9C016 /* PlumTomatoSauce.m */; };
		8BAF43BA16BE248B00E9C016 /* BlackOlives.m in Sources */ = {isa = PBXBuildFile; fileRef = 8BAF43B516BE248300E9C016 /* BlackOlives.m */; };
		8BAF43BB16BE248C00E9C016 /* EggPlant.m in Sources */ = {isa = PBXBuildFile; fileRef = 8BAF43B716BE248600E9C016 /* EggPlant.m */; };
		8BAF43BC16BE248C00E9C016 /* Spinach.m in Sources */ = {isa = PBXBuildFile; fileRef = 8BAF43B916BE248900E9C016 /* Spinach.m */; };
		8BAF43BF16BE280B00E9C016 /* CheesePizza.m in Sources */ = {isa = PBXBuildFile; fileRef = 8BAF43BE16BE280400E9C016 /* CheesePizza.m */; };
		8BAF43C216BE2BC500E9C016 /* ClamPizza.m in Sources */ = {isa = PBXBuildFile; fileRef = 8BAF43C116BE2BC400E9C016 /* ClamPizza.m */; };
		8BAF43CC16BE2D0000E9C016 /* Calamari.m in Sources */ = {isa = PBXBuildFile; fileRef = 8BAF43C516BE2D0000E9C016 /* Calamari.m */; };
		8BAF43CD16BE2D0000E9C016 /* FreshClams.m in Sources */ = {isa = PBXBuildFile; fileRef = 8BAF43C916BE2D0000E9C016 /* FreshClams.m */; };
		8BAF43CE16BE2D0000E9C016 /* FrozenClams.m in Sources */ = {isa = PBXBuildFile; fileRef = 8BAF43CB16BE2D0000E9C016 /* FrozenClams.m */; };
/* End PBXBuildFile section */

/* Begin PBXCopyFilesBuildPhase section */
		8BAF42D516BB4B8000E9C016 /* CopyFiles */ = {
			isa = PBXCopyFilesBuildPhase;
			buildActionMask = 2147483647;
			dstPath = /usr/share/man/man1/;
			dstSubfolderSpec = 0;
			files = (
				8BAF42E316BB4B8000E9C016 /* PizzaStore.1 in CopyFiles */,
			);
			runOnlyForDeploymentPostprocessing = 1;
		};
/* End PBXCopyFilesBuildPhase section */

/* Begin PBXFileReference section */
		8B28ABB816BE31F30097D5CC /* IngredientFactories.h */ = {isa = PBXFileReference; lastKnownFileType = sourcecode.c.h; path = IngredientFactories.h; sourceTree = "<group>"; };
		8B28ABB916BE34730097D5CC /* PepperoniPizza.h */ = {isa = PBXFileReference; fileEncoding = 4; lastKnownFileType = sourcecode.c.h; name = PepperoniPizza.h; path = Pizzas/PepperoniPizza.h; sourceTree = "<group>"; };
		8B28ABBA16BE34730097D5CC /* PepperoniPizza.m */ = {isa = PBXFileReference; fileEncoding = 4; lastKnownFileType = sourcecode.c.objc; name = PepperoniPizza.m; path = Pizzas/PepperoniPizza.m; sourceTree = "<group>"; };
		8B28ABBB16BE34730097D5CC /* VeggiePizza.h */ = {isa = PBXFileReference; fileEncoding = 4; lastKnownFileType = sourcecode.c.h; name = VeggiePizza.h; path = Pizzas/VeggiePizza.h; sourceTree = "<group>"; };
		8B28ABBC16BE34730097D5CC /* VeggiePizza.m */ = {isa = PBXFileReference; fileEncoding = 4; lastKnownFileType = sourcecode.c.objc; name = VeggiePizza.m; path = Pizzas/VeggiePizza.m; sourceTree = "<group>"; };
		8BAF42D716BB4B8000E9C016 /* PizzaStore */ = {isa = PBXFileReference; explicitFileType = "compiled.mach-o.executable"; includeInIndex = 0; path = PizzaStore; sourceTree = BUILT_PRODUCTS_DIR; };
		8BAF42DB16BB4B8000E9C016 /* Foundation.framework */ = {isa = PBXFileReference; lastKnownFileType = wrapper.framework; name = Foundation.framework; path = System/Library/Frameworks/Foundation.framework; sourceTree = SDKROOT; };
		8BAF42DE16BB4B8000E9C016 /* main.m */ = {isa = PBXFileReference; lastKnownFileType = sourcecode.c.objc; path = main.m; sourceTree = "<group>"; };
		8BAF42E116BB4B8000E9C016 /* PizzaStore-Prefix.pch */ = {isa = PBXFileReference; lastKnownFileType = sourcecode.c.h; path = "PizzaStore-Prefix.pch"; sourceTree = "<group>"; };
		8BAF42E216BB4B8000E9C016 /* PizzaStore.1 */ = {isa = PBXFileReference; lastKnownFileType = text.man; path = PizzaStore.1; sourceTree = "<group>"; };
		8BAF42F016BC81EB00E9C016 /* Pizza.h */ = {isa = PBXFileReference; fileEncoding = 4; lastKnownFileType = sourcecode.c.h; name = Pizza.h; path = Pizzas/Pizza.h; sourceTree = "<group>"; };
		8BAF42F116BC81EB00E9C016 /* Pizza.m */ = {isa = PBXFileReference; fileEncoding = 4; lastKnownFileType = sourcecode.c.objc; name = Pizza.m; path = Pizzas/Pizza.m; sourceTree = "<group>"; };
		8BAF42FB16BC89F500E9C016 /* Pizzas.h */ = {isa = PBXFileReference; lastKnownFileType = sourcecode.c.h; name = Pizzas.h; path = Pizzas/Pizzas.h; sourceTree = "<group>"; };
		8BAF431016BC908200E9C016 /* PizzaType.h */ = {isa = PBXFileReference; fileEncoding = 4; lastKnownFileType = sourcecode.c.h; name = PizzaType.h; path = Pizzas/PizzaType.h; sourceTree = "<group>"; };
		8BAF431D16BDC09800E9C016 /* PizzaStore.h */ = {isa = PBXFileReference; fileEncoding = 4; lastKnownFileType = sourcecode.c.h; path = PizzaStore.h; sourceTree = "<group>"; };
		8BAF431E16BDC09800E9C016 /* PizzaStore.m */ = {isa = PBXFileReference; fileEncoding = 4; lastKnownFileType = sourcecode.c.objc; path = PizzaStore.m; sourceTree = "<group>"; };
		8BAF432016BDC0ED00E9C016 /* NYStylePizzaStore.h */ = {isa = PBXFileReference; fileEncoding = 4; lastKnownFileType = sourcecode.c.h; path = NYStylePizzaStore.h; sourceTree = "<group>"; };
		8BAF432116BDC0ED00E9C016 /* NYStylePizzaStore.m */ = {isa = PBXFileReference; fileEncoding = 4; lastKnownFileType = sourcecode.c.objc; path = NYStylePizzaStore.m; sourceTree = "<group>"; };
		8BAF432316BDC10400E9C016 /* ChicagoStylePizzaStore.h */ = {isa = PBXFileReference; fileEncoding = 4; lastKnownFileType = sourcecode.c.h; path = ChicagoStylePizzaStore.h; sourceTree = "<group>"; };
		8BAF432416BDC10400E9C016 /* ChicagoStylePizzaStore.m */ = {isa = PBXFileReference; fileEncoding = 4; lastKnownFileType = sourcecode.c.objc; path = ChicagoStylePizzaStore.m; sourceTree = "<group>"; };
		8BAF432616BDC11200E9C016 /* CaliforniaStylePizzaStore.h */ = {isa = PBXFileReference; fileEncoding = 4; lastKnownFileType = sourcecode.c.h; path = CaliforniaStylePizzaStore.h; sourceTree = "<group>"; };
		8BAF432716BDC11200E9C016 /* CaliforniaStylePizzaStore.m */ = {isa = PBXFileReference; fileEncoding = 4; lastKnownFileType = sourcecode.c.objc; path = CaliforniaStylePizzaStore.m; sourceTree = "<group>"; };
		8BAF432916BDC28B00E9C016 /* PizzaStores.h */ = {isa = PBXFileReference; fileEncoding = 4; lastKnownFileType = sourcecode.c.h; path = PizzaStores.h; sourceTree = "<group>"; };
		8BAF436216BE11F200E9C016 /* PizzaIngredientFactory.h */ = {isa = PBXFileReference; fileEncoding = 4; lastKnownFileType = sourcecode.c.h; path = PizzaIngredientFactory.h; sourceTree = "<group>"; };
		8BAF436316BE121D00E9C016 /* NYPizzaIngredientFactory.h */ = {isa = PBXFileReference; fileEncoding = 4; lastKnownFileType = sourcecode.c.h; path = NYPizzaIngredientFactory.h; sourceTree = "<group>"; };
		8BAF436416BE121D00E9C016 /* NYPizzaIngredientFactory.m */ = {isa = PBXFileReference; fileEncoding = 4; lastKnownFileType = sourcecode.c.objc; path = NYPizzaIngredientFactory.m; sourceTree = "<group>"; };
		8BAF436816BE12E200E9C016 /* Cheese.h */ = {isa = PBXFileReference; fileEncoding = 4; lastKnownFileType = sourcecode.c.h; path = Cheese.h; sourceTree = "<group>"; };
		8BAF436C16BE12E200E9C016 /* Dough.h */ = {isa = PBXFileReference; fileEncoding = 4; lastKnownFileType = sourcecode.c.h; path = Dough.h; sourceTree = "<group>"; };
		8BAF436D16BE12E200E9C016 /* Ingredient.h */ = {isa = PBXFileReference; fileEncoding = 4; lastKnownFileType = sourcecode.c.h; path = Ingredient.h; sourceTree = "<group>"; };
		8BAF436E16BE12E200E9C016 /* Ingredients.h */ = {isa = PBXFileReference; fileEncoding = 4; lastKnownFileType = sourcecode.c.h; path = Ingredients.h; sourceTree = "<group>"; };
		8BAF437016BE12E200E9C016 /* Pepperoni.h */ = {isa = PBXFileReference; fileEncoding = 4; lastKnownFileType = sourcecode.c.h; path = Pepperoni.h; sourceTree = "<group>"; };
		8BAF437216BE12E200E9C016 /* Sauce.h */ = {isa = PBXFileReference; fileEncoding = 4; lastKnownFileType = sourcecode.c.h; path = Sauce.h; sourceTree = "<group>"; };
		8BAF437416BE12E200E9C016 /* Vegetable.h */ = {isa = PBXFileReference; fileEncoding = 4; lastKnownFileType = sourcecode.c.h; path = Vegetable.h; sourceTree = "<group>"; };
		8BAF437516BE131F00E9C016 /* ThinCrustDough.h */ = {isa = PBXFileReference; fileEncoding = 4; lastKnownFileType = sourcecode.c.h; path = ThinCrustDough.h; sourceTree = "<group>"; };
		8BAF437616BE131F00E9C016 /* ThinCrustDough.m */ = {isa = PBXFileReference; fileEncoding = 4; lastKnownFileType = sourcecode.c.objc; path = ThinCrustDough.m; sourceTree = "<group>"; };
		8BAF437816BE19AA00E9C016 /* DoughTypes.h */ = {isa = PBXFileReference; lastKnownFileType = sourcecode.c.h; path = DoughTypes.h; sourceTree = "<group>"; };
		8BAF437916BE1A2700E9C016 /* MarinaraSauce.h */ = {isa = PBXFileReference; fileEncoding = 4; lastKnownFileType = sourcecode.c.h; path = MarinaraSauce.h; sourceTree = "<group>"; };
		8BAF437A16BE1A2700E9C016 /* MarinaraSauce.m */ = {isa = PBXFileReference; fileEncoding = 4; lastKnownFileType = sourcecode.c.objc; path = MarinaraSauce.m; sourceTree = "<group>"; };
		8BAF437C16BE1A9200E9C016 /* SauceTypes.h */ = {isa = PBXFileReference; lastKnownFileType = sourcecode.c.h; path = SauceTypes.h; sourceTree = "<group>"; };
		8BAF437D16BE1B4F00E9C016 /* SlicedPepperoni.h */ = {isa = PBXFileReference; fileEncoding = 4; lastKnownFileType = sourcecode.c.h; path = SlicedPepperoni.h; sourceTree = "<group>"; };
		8BAF437E16BE1B4F00E9C016 /* SlicedPepperoni.m */ = {isa = PBXFileReference; fileEncoding = 4; lastKnownFileType = sourcecode.c.objc; path = SlicedPepperoni.m; sourceTree = "<group>"; };
		8BAF438016BE1B6100E9C016 /* PepperoniTypes.h */ = {isa = PBXFileReference; lastKnownFileType = sourcecode.c.h; path = PepperoniTypes.h; sourceTree = "<group>"; };
		8BAF438116BE1C2C00E9C016 /* ReggianoCheese.h */ = {isa = PBXFileReference; fileEncoding = 4; lastKnownFileType = sourcecode.c.h; path = ReggianoCheese.h; sourceTree = "<group>"; };
		8BAF438216BE1C2C00E9C016 /* ReggianoCheese.m */ = {isa = PBXFileReference; fileEncoding = 4; lastKnownFileType = sourcecode.c.objc; path = ReggianoCheese.m; sourceTree = "<group>"; };
		8BAF438416BE1C3B00E9C016 /* CheeseTypes.h */ = {isa = PBXFileReference; lastKnownFileType = sourcecode.c.h; path = CheeseTypes.h; sourceTree = "<group>"; };
		8BAF438916BE1E0200E9C016 /* VegetableTypes.h */ = {isa = PBXFileReference; lastKnownFileType = sourcecode.c.h; path = VegetableTypes.h; sourceTree = "<group>"; };
		8BAF438A16BE1E4400E9C016 /* Garlic.h */ = {isa = PBXFileReference; fileEncoding = 4; lastKnownFileType = sourcecode.c.h; path = Garlic.h; sourceTree = "<group>"; };
		8BAF438B16BE1E4400E9C016 /* Garlic.m */ = {isa = PBXFileReference; fileEncoding = 4; lastKnownFileType = sourcecode.c.objc; path = Garlic.m; sourceTree = "<group>"; };
		8BAF438D16BE1F0600E9C016 /* Mushroom.h */ = {isa = PBXFileReference; fileEncoding = 4; lastKnownFileType = sourcecode.c.h; path = Mushroom.h; sourceTree = "<group>"; };
		8BAF438E16BE1F0600E9C016 /* Mushroom.m */ = {isa = PBXFileReference; fileEncoding = 4; lastKnownFileType = sourcecode.c.objc; path = Mushroom.m; sourceTree = "<group>"; };
		8BAF438F16BE1F0600E9C016 /* Onion.h */ = {isa = PBXFileReference; fileEncoding = 4; lastKnownFileType = sourcecode.c.h; path = Onion.h; sourceTree = "<group>"; };
		8BAF439016BE1F0600E9C016 /* Onion.m */ = {isa = PBXFileReference; fileEncoding = 4; lastKnownFileType = sourcecode.c.objc; path = Onion.m; sourceTree = "<group>"; };
		8BAF439116BE1F0700E9C016 /* RedPepper.h */ = {isa = PBXFileReference; fileEncoding = 4; lastKnownFileType = sourcecode.c.h; path = RedPepper.h; sourceTree = "<group>"; };
		8BAF439216BE1F0700E9C016 /* RedPepper.m */ = {isa = PBXFileReference; fileEncoding = 4; lastKnownFileType = sourcecode.c.objc; path = RedPepper.m; sourceTree = "<group>"; };
		8BAF439616BE20C500E9C016 /* CaliforniaPizzaIngredientFactory.h */ = {isa = PBXFileReference; fileEncoding = 4; lastKnownFileType = sourcecode.c.h; path = CaliforniaPizzaIngredientFactory.h; sourceTree = "<group>"; };
		8BAF439716BE20C500E9C016 /* CaliforniaPizzaIngredientFactory.m */ = {isa = PBXFileReference; fileEncoding = 4; lastKnownFileType = sourcecode.c.objc; path = CaliforniaPizzaIngredientFactory.m; sourceTree = "<group>"; };
		8BAF439816BE20C500E9C016 /* ChicagoPizzaIngredientFactory.h */ = {isa = PBXFileReference; fileEncoding = 4; lastKnownFileType = sourcecode.c.h; path = ChicagoPizzaIngredientFactory.h; sourceTree = "<group>"; };
		8BAF439916BE20C600E9C016 /* ChicagoPizzaIngredientFactory.m */ = {isa = PBXFileReference; fileEncoding = 4; lastKnownFileType = sourcecode.c.objc; path = ChicagoPizzaIngredientFactory.m; sourceTree = "<group>"; };
		8BAF439C16BE217A00E9C016 /* GoatCheese.h */ = {isa = PBXFileReference; fileEncoding = 4; lastKnownFileType = sourcecode.c.h; path = GoatCheese.h; sourceTree = "<group>"; };
		8BAF439D16BE217A00E9C016 /* GoatCheese.m */ = {isa = PBXFileReference; fileEncoding = 4; lastKnownFileType = sourcecode.c.objc; path = GoatCheese.m; sourceTree = "<group>"; };
		8BAF439E16BE217B00E9C016 /* MozzarellaCheese.h */ = {isa = PBXFileReference; fileEncoding = 4; lastKnownFileType = sourcecode.c.h; path = MozzarellaCheese.h; sourceTree = "<group>"; };
		8BAF439F16BE217B00E9C016 /* MozzarellaCheese.m */ = {isa = PBXFileReference; fileEncoding = 4; lastKnownFileType = sourcecode.c.objc; path = MozzarellaCheese.m; sourceTree = "<group>"; };
		8BAF43A816BE22DE00E9C016 /* ThickCrustDough.h */ = {isa = PBXFileReference; fileEncoding = 4; lastKnownFileType = sourcecode.c.h; path = ThickCrustDough.h; sourceTree = "<group>"; };
		8BAF43A916BE22DE00E9C016 /* ThickCrustDough.m */ = {isa = PBXFileReference; fileEncoding = 4; lastKnownFileType = sourcecode.c.objc; path = ThickCrustDough.m; sourceTree = "<group>"; };
		8BAF43AA16BE22DF00E9C016 /* VeryThinCrustDough.h */ = {isa = PBXFileReference; fileEncoding = 4; lastKnownFileType = sourcecode.c.h; path = VeryThinCrustDough.h; sourceTree = "<group>"; };
		8BAF43AB16BE22DF00E9C016 /* VeryThinCrustDough.m */ = {isa = PBXFileReference; fileEncoding = 4; lastKnownFileType = sourcecode.c.objc; path = VeryThinCrustDough.m; sourceTree = "<group>"; };
		8BAF43AE16BE23AA00E9C016 /* BruschettaSauce.h */ = {isa = PBXFileReference; fileEncoding = 4; lastKnownFileType = sourcecode.c.h; path = BruschettaSauce.h; sourceTree = "<group>"; };
		8BAF43AF16BE23AB00E9C016 /* BruschettaSauce.m */ = {isa = PBXFileReference; fileEncoding = 4; lastKnownFileType = sourcecode.c.objc; path = BruschettaSauce.m; sourceTree = "<group>"; };
		8BAF43B016BE23AB00E9C016 /* PlumTomatoSauce.h */ = {isa = PBXFileReference; fileEncoding = 4; lastKnownFileType = sourcecode.c.h; path = PlumTomatoSauce.h; sourceTree = "<group>"; };
		8BAF43B116BE23AC00E9C016 /* PlumTomatoSauce.m */ = {isa = PBXFileReference; fileEncoding = 4; lastKnownFileType = sourcecode.c.objc; path = PlumTomatoSauce.m; sourceTree = "<group>"; };
		8BAF43B416BE248200E9C016 /* BlackOlives.h */ = {isa = PBXFileReference; fileEncoding = 4; lastKnownFileType = sourcecode.c.h; path = BlackOlives.h; sourceTree = "<group>"; };
		8BAF43B516BE248300E9C016 /* BlackOlives.m */ = {isa = PBXFileReference; fileEncoding = 4; lastKnownFileType = sourcecode.c.objc; path = BlackOlives.m; sourceTree = "<group>"; };
		8BAF43B616BE248400E9C016 /* EggPlant.h */ = {isa = PBXFileReference; fileEncoding = 4; lastKnownFileType = sourcecode.c.h; path = EggPlant.h; sourceTree = "<group>"; };
		8BAF43B716BE248600E9C016 /* EggPlant.m */ = {isa = PBXFileReference; fileEncoding = 4; lastKnownFileType = sourcecode.c.objc; path = EggPlant.m; sourceTree = "<group>"; };
		8BAF43B816BE248700E9C016 /* Spinach.h */ = {isa = PBXFileReference; fileEncoding = 4; lastKnownFileType = sourcecode.c.h; path = Spinach.h; sourceTree = "<group>"; };
		8BAF43B916BE248900E9C016 /* Spinach.m */ = {isa = PBXFileReference; fileEncoding = 4; lastKnownFileType = sourcecode.c.objc; path = Spinach.m; sourceTree = "<group>"; };
		8BAF43BD16BE280000E9C016 /* CheesePizza.h */ = {isa = PBXFileReference; fileEncoding = 4; lastKnownFileType = sourcecode.c.h; name = CheesePizza.h; path = Pizzas/CheesePizza.h; sourceTree = "<group>"; };
		8BAF43BE16BE280400E9C016 /* CheesePizza.m */ = {isa = PBXFileReference; fileEncoding = 4; lastKnownFileType = sourcecode.c.objc; name = CheesePizza.m; path = Pizzas/CheesePizza.m; sourceTree = "<group>"; };
		8BAF43C016BE2BC300E9C016 /* ClamPizza.h */ = {isa = PBXFileReference; fileEncoding = 4; lastKnownFileType = sourcecode.c.h; name = ClamPizza.h; path = Pizzas/ClamPizza.h; sourceTree = "<group>"; };
		8BAF43C116BE2BC400E9C016 /* ClamPizza.m */ = {isa = PBXFileReference; fileEncoding = 4; lastKnownFileType = sourcecode.c.objc; name = ClamPizza.m; path = Pizzas/ClamPizza.m; sourceTree = "<group>"; };
		8BAF43C416BE2D0000E9C016 /* Calamari.h */ = {isa = PBXFileReference; fileEncoding = 4; lastKnownFileType = sourcecode.c.h; path = Calamari.h; sourceTree = "<group>"; };
		8BAF43C516BE2D0000E9C016 /* Calamari.m */ = {isa = PBXFileReference; fileEncoding = 4; lastKnownFileType = sourcecode.c.objc; path = Calamari.m; sourceTree = "<group>"; };
		8BAF43C616BE2D0000E9C016 /* Clam.h */ = {isa = PBXFileReference; fileEncoding = 4; lastKnownFileType = sourcecode.c.h; path = Clam.h; sourceTree = "<group>"; };
		8BAF43C716BE2D0000E9C016 /* ClamTypes.h */ = {isa = PBXFileReference; fileEncoding = 4; lastKnownFileType = sourcecode.c.h; path = ClamTypes.h; sourceTree = "<group>"; };
		8BAF43C816BE2D0000E9C016 /* FreshClams.h */ = {isa = PBXFileReference; fileEncoding = 4; lastKnownFileType = sourcecode.c.h; path = FreshClams.h; sourceTree = "<group>"; };
		8BAF43C916BE2D0000E9C016 /* FreshClams.m */ = {isa = PBXFileReference; fileEncoding = 4; lastKnownFileType = sourcecode.c.objc; path = FreshClams.m; sourceTree = "<group>"; };
		8BAF43CA16BE2D0000E9C016 /* FrozenClams.h */ = {isa = PBXFileReference; fileEncoding = 4; lastKnownFileType = sourcecode.c.h; path = FrozenClams.h; sourceTree = "<group>"; };
		8BAF43CB16BE2D0000E9C016 /* FrozenClams.m */ = {isa = PBXFileReference; fileEncoding = 4; lastKnownFileType = sourcecode.c.objc; path = FrozenClams.m; sourceTree = "<group>"; };
/* End PBXFileReference section */

/* Begin PBXFrameworksBuildPhase section */
		8BAF42D416BB4B8000E9C016 /* Frameworks */ = {
			isa = PBXFrameworksBuildPhase;
			buildActionMask = 2147483647;
			files = (
				8BAF42DC16BB4B8000E9C016 /* Foundation.framework in Frameworks */,
			);
			runOnlyForDeploymentPostprocessing = 0;
		};
/* End PBXFrameworksBuildPhase section */

/* Begin PBXGroup section */
		8BAF42CC16BB4B8000E9C016 = {
			isa = PBXGroup;
			children = (
				8BAF42DD16BB4B8000E9C016 /* PizzaStore */,
				8BAF42DA16BB4B8000E9C016 /* Frameworks */,
				8BAF42D816BB4B8000E9C016 /* Products */,
			);
			sourceTree = "<group>";
		};
		8BAF42D816BB4B8000E9C016 /* Products */ = {
			isa = PBXGroup;
			children = (
				8BAF42D716BB4B8000E9C016 /* PizzaStore */,
			);
			name = Products;
			sourceTree = "<group>";
		};
		8BAF42DA16BB4B8000E9C016 /* Frameworks */ = {
			isa = PBXGroup;
			children = (
				8BAF42DB16BB4B8000E9C016 /* Foundation.framework */,
			);
			name = Frameworks;
			sourceTree = "<group>";
		};
		8BAF42DD16BB4B8000E9C016 /* PizzaStore */ = {
			isa = PBXGroup;
			children = (
				8BAF436616BE12DA00E9C016 /* Ingredients */,
				8BAF436116BE11CE00E9C016 /* IngredientFactories */,
				8BAF42DE16BB4B8000E9C016 /* main.m */,
				8BAF42EC16BB507900E9C016 /* Pizzas */,
				8BAF431B16BDC09800E9C016 /* PizzaStores */,
				8BAF42E016BB4B8000E9C016 /* Supporting Files */,
			);
			path = PizzaStore;
			sourceTree = "<group>";
		};
		8BAF42E016BB4B8000E9C016 /* Supporting Files */ = {
			isa = PBXGroup;
			children = (
				8BAF42E216BB4B8000E9C016 /* PizzaStore.1 */,
				8BAF42E116BB4B8000E9C016 /* PizzaStore-Prefix.pch */,
			);
			name = "Supporting Files";
			sourceTree = "<group>";
		};
		8BAF42EC16BB507900E9C016 /* Pizzas */ = {
			isa = PBXGroup;
			children = (
				8B28ABB916BE34730097D5CC /* PepperoniPizza.h */,
				8B28ABBA16BE34730097D5CC /* PepperoniPizza.m */,
				8B28ABBB16BE34730097D5CC /* VeggiePizza.h */,
				8B28ABBC16BE34730097D5CC /* VeggiePizza.m */,
				8BAF431016BC908200E9C016 /* PizzaType.h */,
				8BAF42FB16BC89F500E9C016 /* Pizzas.h */,
				8BAF42F016BC81EB00E9C016 /* Pizza.h */,
				8BAF42F116BC81EB00E9C016 /* Pizza.m */,
				8BAF43BD16BE280000E9C016 /* CheesePizza.h */,
				8BAF43BE16BE280400E9C016 /* CheesePizza.m */,
				8BAF43C016BE2BC300E9C016 /* ClamPizza.h */,
				8BAF43C116BE2BC400E9C016 /* ClamPizza.m */,
			);
			name = Pizzas;
			sourceTree = "<group>";
		};
		8BAF431B16BDC09800E9C016 /* PizzaStores */ = {
			isa = PBXGroup;
			children = (
				8BAF432916BDC28B00E9C016 /* PizzaStores.h */,
				8BAF431D16BDC09800E9C016 /* PizzaStore.h */,
				8BAF431E16BDC09800E9C016 /* PizzaStore.m */,
				8BAF432016BDC0ED00E9C016 /* NYStylePizzaStore.h */,
				8BAF432116BDC0ED00E9C016 /* NYStylePizzaStore.m */,
				8BAF432316BDC10400E9C016 /* ChicagoStylePizzaStore.h */,
				8BAF432416BDC10400E9C016 /* ChicagoStylePizzaStore.m */,
				8BAF432616BDC11200E9C016 /* CaliforniaStylePizzaStore.h */,
				8BAF432716BDC11200E9C016 /* CaliforniaStylePizzaStore.m */,
			);
			path = PizzaStores;
			sourceTree = "<group>";
		};
		8BAF436116BE11CE00E9C016 /* IngredientFactories */ = {
			isa = PBXGroup;
			children = (
				8BAF439616BE20C500E9C016 /* CaliforniaPizzaIngredientFactory.h */,
				8BAF439716BE20C500E9C016 /* CaliforniaPizzaIngredientFactory.m */,
				8BAF439816BE20C500E9C016 /* ChicagoPizzaIngredientFactory.h */,
				8BAF439916BE20C600E9C016 /* ChicagoPizzaIngredientFactory.m */,
				8BAF436216BE11F200E9C016 /* PizzaIngredientFactory.h */,
				8BAF436316BE121D00E9C016 /* NYPizzaIngredientFactory.h */,
				8BAF436416BE121D00E9C016 /* NYPizzaIngredientFactory.m */,
				8B28ABB816BE31F30097D5CC /* IngredientFactories.h */,
			);
			path = IngredientFactories;
			sourceTree = "<group>";
		};
		8BAF436616BE12DA00E9C016 /* Ingredients */ = {
			isa = PBXGroup;
			children = (
				8BAF436E16BE12E200E9C016 /* Ingredients.h */,
				8BAF436D16BE12E200E9C016 /* Ingredient.h */,
				8BAF43C316BE2CE300E9C016 /* Clam */,
				8BAF436716BE12E200E9C016 /* Cheese */,
				8BAF436B16BE12E200E9C016 /* Dough */,
				8BAF436F16BE12E200E9C016 /* Pepperoni */,
				8BAF437116BE12E200E9C016 /* Sauce */,
				8BAF437316BE12E200E9C016 /* Vegetable */,
			);
			path = Ingredients;
			sourceTree = "<group>";
		};
		8BAF436716BE12E200E9C016 /* Cheese */ = {
			isa = PBXGroup;
			children = (
				8BAF439C16BE217A00E9C016 /* GoatCheese.h */,
				8BAF439D16BE217A00E9C016 /* GoatCheese.m */,
				8BAF439E16BE217B00E9C016 /* MozzarellaCheese.h */,
				8BAF439F16BE217B00E9C016 /* MozzarellaCheese.m */,
				8BAF436816BE12E200E9C016 /* Cheese.h */,
				8BAF438116BE1C2C00E9C016 /* ReggianoCheese.h */,
				8BAF438216BE1C2C00E9C016 /* ReggianoCheese.m */,
				8BAF438416BE1C3B00E9C016 /* CheeseTypes.h */,
			);
			path = Cheese;
			sourceTree = "<group>";
		};
		8BAF436B16BE12E200E9C016 /* Dough */ = {
			isa = PBXGroup;
			children = (
				8BAF43A816BE22DE00E9C016 /* ThickCrustDough.h */,
				8BAF43A916BE22DE00E9C016 /* ThickCrustDough.m */,
				8BAF43AA16BE22DF00E9C016 /* VeryThinCrustDough.h */,
				8BAF43AB16BE22DF00E9C016 /* VeryThinCrustDough.m */,
				8BAF436C16BE12E200E9C016 /* Dough.h */,
				8BAF437516BE131F00E9C016 /* ThinCrustDough.h */,
				8BAF437616BE131F00E9C016 /* ThinCrustDough.m */,
				8BAF437816BE19AA00E9C016 /* DoughTypes.h */,
			);
			path = Dough;
			sourceTree = "<group>";
		};
		8BAF436F16BE12E200E9C016 /* Pepperoni */ = {
			isa = PBXGroup;
			children = (
				8BAF437016BE12E200E9C016 /* Pepperoni.h */,
				8BAF437D16BE1B4F00E9C016 /* SlicedPepperoni.h */,
				8BAF437E16BE1B4F00E9C016 /* SlicedPepperoni.m */,
				8BAF438016BE1B6100E9C016 /* PepperoniTypes.h */,
			);
			path = Pepperoni;
			sourceTree = "<group>";
		};
		8BAF437116BE12E200E9C016 /* Sauce */ = {
			isa = PBXGroup;
			children = (
				8BAF43AE16BE23AA00E9C016 /* BruschettaSauce.h */,
				8BAF43AF16BE23AB00E9C016 /* BruschettaSauce.m */,
				8BAF43B016BE23AB00E9C016 /* PlumTomatoSauce.h */,
				8BAF43B116BE23AC00E9C016 /* PlumTomatoSauce.m */,
				8BAF437216BE12E200E9C016 /* Sauce.h */,
				8BAF437916BE1A2700E9C016 /* MarinaraSauce.h */,
				8BAF437A16BE1A2700E9C016 /* MarinaraSauce.m */,
				8BAF437C16BE1A9200E9C016 /* SauceTypes.h */,
			);
			path = Sauce;
			sourceTree = "<group>";
		};
		8BAF437316BE12E200E9C016 /* Vegetable */ = {
			isa = PBXGroup;
			children = (
				8BAF43B416BE248200E9C016 /* BlackOlives.h */,
				8BAF43B516BE248300E9C016 /* BlackOlives.m */,
				8BAF43B616BE248400E9C016 /* EggPlant.h */,
				8BAF43B716BE248600E9C016 /* EggPlant.m */,
				8BAF43B816BE248700E9C016 /* Spinach.h */,
				8BAF43B916BE248900E9C016 /* Spinach.m */,
				8BAF438D16BE1F0600E9C016 /* Mushroom.h */,
				8BAF438E16BE1F0600E9C016 /* Mushroom.m */,
				8BAF438F16BE1F0600E9C016 /* Onion.h */,
				8BAF439016BE1F0600E9C016 /* Onion.m */,
				8BAF439116BE1F0700E9C016 /* RedPepper.h */,
				8BAF439216BE1F0700E9C016 /* RedPepper.m */,
				8BAF437416BE12E200E9C016 /* Vegetable.h */,
				8BAF438916BE1E0200E9C016 /* VegetableTypes.h */,
				8BAF438A16BE1E4400E9C016 /* Garlic.h */,
				8BAF438B16BE1E4400E9C016 /* Garlic.m */,
			);
			path = Vegetable;
			sourceTree = "<group>";
		};
		8BAF43C316BE2CE300E9C016 /* Clam */ = {
			isa = PBXGroup;
			children = (
				8BAF43C416BE2D0000E9C016 /* Calamari.h */,
				8BAF43C516BE2D0000E9C016 /* Calamari.m */,
				8BAF43C616BE2D0000E9C016 /* Clam.h */,
				8BAF43C716BE2D0000E9C016 /* ClamTypes.h */,
				8BAF43C816BE2D0000E9C016 /* FreshClams.h */,
				8BAF43C916BE2D0000E9C016 /* FreshClams.m */,
				8BAF43CA16BE2D0000E9C016 /* FrozenClams.h */,
				8BAF43CB16BE2D0000E9C016 /* FrozenClams.m */,
			);
			path = Clam;
			sourceTree = "<group>";
		};
/* End PBXGroup section */

/* Begin PBXNativeTarget section */
		8BAF42D616BB4B8000E9C016 /* PizzaStore */ = {
			isa = PBXNativeTarget;
			buildConfigurationList = 8BAF42E616BB4B8000E9C016 /* Build configuration list for PBXNativeTarget "PizzaStore" */;
			buildPhases = (
				8BAF42D316BB4B8000E9C016 /* Sources */,
				8BAF42D416BB4B8000E9C016 /* Frameworks */,
				8BAF42D516BB4B8000E9C016 /* CopyFiles */,
			);
			buildRules = (
			);
			dependencies = (
			);
			name = PizzaStore;
			productName = PizzaStore;
			productReference = 8BAF42D716BB4B8000E9C016 /* PizzaStore */;
			productType = "com.apple.product-type.tool";
		};
/* End PBXNativeTarget section */

/* Begin PBXProject section */
		8BAF42CE16BB4B8000E9C016 /* Project object */ = {
			isa = PBXProject;
			attributes = {
				LastUpgradeCheck = 0450;
				ORGANIZATIONNAME = "Liquid Thoughts";
			};
			buildConfigurationList = 8BAF42D116BB4B8000E9C016 /* Build configuration list for PBXProject "PizzaStore" */;
			compatibilityVersion = "Xcode 3.2";
			developmentRegion = English;
			hasScannedForEncodings = 0;
			knownRegions = (
				en,
			);
			mainGroup = 8BAF42CC16BB4B8000E9C016;
			productRefGroup = 8BAF42D816BB4B8000E9C016 /* Products */;
			projectDirPath = "";
			projectRoot = "";
			targets = (
				8BAF42D616BB4B8000E9C016 /* PizzaStore */,
			);
		};
/* End PBXProject section */

/* Begin PBXSourcesBuildPhase section */
		8BAF42D316BB4B8000E9C016 /* Sources */ = {
			isa = PBXSourcesBuildPhase;
			buildActionMask = 2147483647;
			files = (
				8BAF42DF16BB4B8000E9C016 /* main.m in Sources */,
				8BAF42F216BC81EB00E9C016 /* Pizza.m in Sources */,
				8BAF431F16BDC09800E9C016 /* PizzaStore.m in Sources */,
				8BAF432216BDC0ED00E9C016 /* NYStylePizzaStore.m in Sources */,
				8BAF432516BDC10400E9C016 /* ChicagoStylePizzaStore.m in Sources */,
				8BAF432816BDC11200E9C016 /* CaliforniaStylePizzaStore.m in Sources */,
				8BAF436516BE121D00E9C016 /* NYPizzaIngredientFactory.m in Sources */,
				8BAF437716BE131F00E9C016 /* ThinCrustDough.m in Sources */,
				8BAF437B16BE1A2800E9C016 /* MarinaraSauce.m in Sources */,
				8BAF437F16BE1B4F00E9C016 /* SlicedPepperoni.m in Sources */,
				8BAF438316BE1C2C00E9C016 /* ReggianoCheese.m in Sources */,
				8BAF438C16BE1E4400E9C016 /* Garlic.m in Sources */,
				8BAF439316BE1F0700E9C016 /* Mushroom.m in Sources */,
				8BAF439416BE1F0700E9C016 /* Onion.m in Sources */,
				8BAF439516BE1F0700E9C016 /* RedPepper.m in Sources */,
				8BAF439A16BE20C600E9C016 /* CaliforniaPizzaIngredientFactory.m in Sources */,
				8BAF439B16BE20C600E9C016 /* ChicagoPizzaIngredientFactory.m in Sources */,
				8BAF43A016BE217C00E9C016 /* GoatCheese.m in Sources */,
				8BAF43A116BE217C00E9C016 /* MozzarellaCheese.m in Sources */,
				8BAF43AC16BE22E000E9C016 /* ThickCrustDough.m in Sources */,
				8BAF43AD16BE22E000E9C016 /* VeryThinCrustDough.m in Sources */,
				8BAF43B216BE23AC00E9C016 /* BruschettaSauce.m in Sources */,
				8BAF43B316BE23AC00E9C016 /* PlumTomatoSauce.m in Sources */,
				8BAF43BA16BE248B00E9C016 /* BlackOlives.m in Sources */,
				8BAF43BB16BE248C00E9C016 /* EggPlant.m in Sources */,
				8BAF43BC16BE248C00E9C016 /* Spinach.m in Sources */,
				8BAF43BF16BE280B00E9C016 /* CheesePizza.m in Sources */,
				8BAF43C216BE2BC500E9C016 /* ClamPizza.m in Sources */,
				8BAF43CC16BE2D0000E9C016 /* Calamari.m in Sources */,
				8BAF43CD16BE2D0000E9C016 /* FreshClams.m in Sources */,
				8BAF43CE16BE2D0000E9C016 /* FrozenClams.m in Sources */,
				8B28ABBD16BE34730097D5CC /* PepperoniPizza.m in Sources */,
				8B28ABBE16BE34730097D5CC /* VeggiePizza.m in Sources */,
			);
			runOnlyForDeploymentPostprocessing = 0;
		};
/* End PBXSourcesBuildPhase section */

/* Begin XCBuildConfiguration section */
		8BAF42E416BB4B8000E9C016 /* Debug */ = {
			isa = XCBuildConfiguration;
			buildSettings = {
				ALWAYS_SEARCH_USER_PATHS = NO;
				ARCHS = "$(ARCHS_STANDARD_64_BIT)";
				CLANG_CXX_LANGUAGE_STANDARD = "gnu++0x";
				CLANG_CXX_LIBRARY = "libc++";
				CLANG_WARN_EMPTY_BODY = YES;
				CLANG_WARN__DUPLICATE_METHOD_MATCH = YES;
				COPY_PHASE_STRIP = NO;
				GCC_C_LANGUAGE_STANDARD = gnu99;
				GCC_DYNAMIC_NO_PIC = NO;
				GCC_ENABLE_OBJC_EXCEPTIONS = YES;
				GCC_OPTIMIZATION_LEVEL = 0;
				GCC_PREPROCESSOR_DEFINITIONS = (
					"DEBUG=1",
					"$(inherited)",
				);
				GCC_SYMBOLS_PRIVATE_EXTERN = NO;
				GCC_WARN_64_TO_32_BIT_CONVERSION = YES;
				GCC_WARN_ABOUT_RETURN_TYPE = YES;
				GCC_WARN_UNINITIALIZED_AUTOS = YES;
				GCC_WARN_UNUSED_VARIABLE = YES;
				MACOSX_DEPLOYMENT_TARGET = 10.7;
				ONLY_ACTIVE_ARCH = YES;
				SDKROOT = macosx;
			};
			name = Debug;
		};
		8BAF42E516BB4B8000E9C016 /* Release */ = {
			isa = XCBuildConfiguration;
			buildSettings = {
				ALWAYS_SEARCH_USER_PATHS = NO;
				ARCHS = "$(ARCHS_STANDARD_64_BIT)";
				CLANG_CXX_LANGUAGE_STANDARD = "gnu++0x";
				CLANG_CXX_LIBRARY = "libc++";
				CLANG_WARN_EMPTY_BODY = YES;
				CLANG_WARN__DUPLICATE_METHOD_MATCH = YES;
				COPY_PHASE_STRIP = YES;
				DEBUG_INFORMATION_FORMAT = "dwarf-with-dsym";
				GCC_C_LANGUAGE_STANDARD = gnu99;
				GCC_ENABLE_OBJC_EXCEPTIONS = YES;
				GCC_WARN_64_TO_32_BIT_CONVERSION = YES;
				GCC_WARN_ABOUT_RETURN_TYPE = YES;
				GCC_WARN_UNINITIALIZED_AUTOS = YES;
				GCC_WARN_UNUSED_VARIABLE = YES;
				MACOSX_DEPLOYMENT_TARGET = 10.7;
				SDKROOT = macosx;
			};
			name = Release;
		};
		8BAF42E716BB4B8000E9C016 /* Debug */ = {
			isa = XCBuildConfiguration;
			buildSettings = {
				GCC_PRECOMPILE_PREFIX_HEADER = YES;
				GCC_PREFIX_HEADER = "PizzaStore/PizzaStore-Prefix.pch";
				PRODUCT_NAME = "$(TARGET_NAME)";
			};
			name = Debug;
		};
		8BAF42E816BB4B8000E9C016 /* Release */ = {
			isa = XCBuildConfiguration;
			buildSettings = {
				GCC_PRECOMPILE_PREFIX_HEADER = YES;
				GCC_PREFIX_HEADER = "PizzaStore/PizzaStore-Prefix.pch";
				PRODUCT_NAME = "$(TARGET_NAME)";
			};
			name = Release;
		};
/* End XCBuildConfiguration section */

/* Begin XCConfigurationList section */
		8BAF42D116BB4B8000E9C016 /* Build configuration list for PBXProject "PizzaStore" */ = {
			isa = XCConfigurationList;
			buildConfigurations = (
				8BAF42E416BB4B8000E9C016 /* Debug */,
				8BAF42E516BB4B8000E9C016 /* Release */,
			);
			defaultConfigurationIsVisible = 0;
			defaultConfigurationName = Release;
		};
		8BAF42E616BB4B8000E9C016 /* Build configuration list for PBXNativeTarget "PizzaStore" */ = {
			isa = XCConfigurationList;
			buildConfigurations = (
				8BAF42E716BB4B8000E9C016 /* Debug */,
				8BAF42E816BB4B8000E9C016 /* Release */,
			);
			defaultConfigurationIsVisible = 0;
			defaultConfigurationName = Release;
		};
/* End XCConfigurationList section */
	};
	rootObject = 8BAF42CE16BB4B8000E9C016 /* Project object */;
}
