// !$*UTF8*$!
{
	archiveVersion = 1;
	classes = {
	};
	objectVersion = 46;
	objects = {

/* Begin PBXBuildFile section */
		8BAF42BB16BB483000E9C016 /* Foundation.framework in Frameworks */ = {isa = PBXBuildFile; fileRef = 8BAF42BA16BB483000E9C016 /* Foundation.framework */; };
		8BAF42BE16BB483000E9C016 /* main.m in Sources */ = {isa = PBXBuildFile; fileRef = 8BAF42BD16BB483000E9C016 /* main.m */; };
		8BAF42C216BB483000E9C016 /* PizzaFactory.1 in CopyFiles */ = {isa = PBXBuildFile; fileRef = 8BAF42C116BB483000E9C016 /* PizzaFactory.1 */; };
/* End PBXBuildFile section */

/* Begin PBXCopyFilesBuildPhase section */
		8BAF42B416BB483000E9C016 /* CopyFiles */ = {
			isa = PBXCopyFilesBuildPhase;
			buildActionMask = 2147483647;
			dstPath = /usr/share/man/man1/;
			dstSubfolderSpec = 0;
			files = (
				8BAF42C216BB483000E9C016 /* PizzaFactory.1 in CopyFiles */,
			);
			runOnlyForDeploymentPostprocessing = 1;
		};
/* End PBXCopyFilesBuildPhase section */

/* Begin PBXFileReference section */
		8BAF42B616BB483000E9C016 /* PizzaFactory */ = {isa = PBXFileReference; explicitFileType = "compiled.mach-o.executable"; includeInIndex = 0; path = PizzaFactory; sourceTree = BUILT_PRODUCTS_DIR; };
		8BAF42BA16BB483000E9C016 /* Foundation.framework */ = {isa = PBXFileReference; lastKnownFileType = wrapper.framework; name = Foundation.framework; path = System/Library/Frameworks/Foundation.framework; sourceTree = SDKROOT; };
		8BAF42BD16BB483000E9C016 /* main.m */ = {isa = PBXFileReference; lastKnownFileType = sourcecode.c.objc; path = main.m; sourceTree = "<group>"; };
		8BAF42C016BB483000E9C016 /* PizzaFactory-Prefix.pch */ = {isa = PBXFileReference; lastKnownFileType = sourcecode.c.h; path = "PizzaFactory-Prefix.pch"; sourceTree = "<group>"; };
		8BAF42C116BB483000E9C016 /* PizzaFactory.1 */ = {isa = PBXFileReference; lastKnownFileType = text.man; path = PizzaFactory.1; sourceTree = "<group>"; };
/* End PBXFileReference section */

/* Begin PBXFrameworksBuildPhase section */
		8BAF42B316BB483000E9C016 /* Frameworks */ = {
			isa = PBXFrameworksBuildPhase;
			buildActionMask = 2147483647;
			files = (
				8BAF42BB16BB483000E9C016 /* Foundation.framework in Frameworks */,
			);
			runOnlyForDeploymentPostprocessing = 0;
		};
/* End PBXFrameworksBuildPhase section */

/* Begin PBXGroup section */
		8BAF42AB16BB483000E9C016 = {
			isa = PBXGroup;
			children = (
				8BAF42BC16BB483000E9C016 /* PizzaFactory */,
				8BAF42B916BB483000E9C016 /* Frameworks */,
				8BAF42B716BB483000E9C016 /* Products */,
			);
			sourceTree = "<group>";
		};
		8BAF42B716BB483000E9C016 /* Products */ = {
			isa = PBXGroup;
			children = (
				8BAF42B616BB483000E9C016 /* PizzaFactory */,
			);
			name = Products;
			sourceTree = "<group>";
		};
		8BAF42B916BB483000E9C016 /* Frameworks */ = {
			isa = PBXGroup;
			children = (
				8BAF42BA16BB483000E9C016 /* Foundation.framework */,
			);
			name = Frameworks;
			sourceTree = "<group>";
		};
		8BAF42BC16BB483000E9C016 /* PizzaFactory */ = {
			isa = PBXGroup;
			children = (
				8BAF42BD16BB483000E9C016 /* main.m */,
				8BAF42C116BB483000E9C016 /* PizzaFactory.1 */,
				8BAF42BF16BB483000E9C016 /* Supporting Files */,
			);
			path = PizzaFactory;
			sourceTree = "<group>";
		};
		8BAF42BF16BB483000E9C016 /* Supporting Files */ = {
			isa = PBXGroup;
			children = (
				8BAF42C016BB483000E9C016 /* PizzaFactory-Prefix.pch */,
			);
			name = "Supporting Files";
			sourceTree = "<group>";
		};
/* End PBXGroup section */

/* Begin PBXNativeTarget section */
		8BAF42B516BB483000E9C016 /* PizzaFactory */ = {
			isa = PBXNativeTarget;
			buildConfigurationList = 8BAF42C516BB483000E9C016 /* Build configuration list for PBXNativeTarget "PizzaFactory" */;
			buildPhases = (
				8BAF42B216BB483000E9C016 /* Sources */,
				8BAF42B316BB483000E9C016 /* Frameworks */,
				8BAF42B416BB483000E9C016 /* CopyFiles */,
			);
			buildRules = (
			);
			dependencies = (
			);
			name = PizzaFactory;
			productName = PizzaFactory;
			productReference = 8BAF42B616BB483000E9C016 /* PizzaFactory */;
			productType = "com.apple.product-type.tool";
		};
/* End PBXNativeTarget section */

/* Begin PBXProject section */
		8BAF42AD16BB483000E9C016 /* Project object */ = {
			isa = PBXProject;
			attributes = {
				LastUpgradeCheck = 0450;
				ORGANIZATIONNAME = "Liquid Thoughts";
			};
			buildConfigurationList = 8BAF42B016BB483000E9C016 /* Build configuration list for PBXProject "PizzaFactory" */;
			compatibilityVersion = "Xcode 3.2";
			developmentRegion = English;
			hasScannedForEncodings = 0;
			knownRegions = (
				en,
			);
			mainGroup = 8BAF42AB16BB483000E9C016;
			productRefGroup = 8BAF42B716BB483000E9C016 /* Products */;
			projectDirPath = "";
			projectRoot = "";
			targets = (
				8BAF42B516BB483000E9C016 /* PizzaFactory */,
			);
		};
/* End PBXProject section */

/* Begin PBXSourcesBuildPhase section */
		8BAF42B216BB483000E9C016 /* Sources */ = {
			isa = PBXSourcesBuildPhase;
			buildActionMask = 2147483647;
			files = (
				8BAF42BE16BB483000E9C016 /* main.m in Sources */,
			);
			runOnlyForDeploymentPostprocessing = 0;
		};
/* End PBXSourcesBuildPhase section */

/* Begin XCBuildConfiguration section */
		8BAF42C316BB483000E9C016 /* Debug */ = {
			isa = XCBuildConfiguration;
			buildSettings = {
				ALWAYS_SEARCH_USER_PATHS = NO;
				ARCHS = "$(ARCHS_STANDARD_64_BIT)";
				CLANG_CXX_LANGUAGE_STANDARD = "gnu++0x";
				CLANG_CXX_LIBRARY = "libc++";
				CLANG_WARN_EMPTY_BODY = YES;
				CLANG_WARN__DUPLICATE_METHOD_MATCH = YES;
				COPY_PHASE_STRIP = NO;
				GCC_C_LANGUAGE_STANDARD = gnu99;
				GCC_DYNAMIC_NO_PIC = NO;
				GCC_ENABLE_OBJC_EXCEPTIONS = YES;
				GCC_OPTIMIZATION_LEVEL = 0;
				GCC_PREPROCESSOR_DEFINITIONS = (
					"DEBUG=1",
					"$(inherited)",
				);
				GCC_SYMBOLS_PRIVATE_EXTERN = NO;
				GCC_WARN_64_TO_32_BIT_CONVERSION = YES;
				GCC_WARN_ABOUT_RETURN_TYPE = YES;
				GCC_WARN_UNINITIALIZED_AUTOS = YES;
				GCC_WARN_UNUSED_VARIABLE = YES;
				MACOSX_DEPLOYMENT_TARGET = 10.7;
				ONLY_ACTIVE_ARCH = YES;
				SDKROOT = macosx;
			};
			name = Debug;
		};
		8BAF42C416BB483000E9C016 /* Release */ = {
			isa = XCBuildConfiguration;
			buildSettings = {
				ALWAYS_SEARCH_USER_PATHS = NO;
				ARCHS = "$(ARCHS_STANDARD_64_BIT)";
				CLANG_CXX_LANGUAGE_STANDARD = "gnu++0x";
				CLANG_CXX_LIBRARY = "libc++";
				CLANG_WARN_EMPTY_BODY = YES;
				CLANG_WARN__DUPLICATE_METHOD_MATCH = YES;
				COPY_PHASE_STRIP = YES;
				DEBUG_INFORMATION_FORMAT = "dwarf-with-dsym";
				GCC_C_LANGUAGE_STANDARD = gnu99;
				GCC_ENABLE_OBJC_EXCEPTIONS = YES;
				GCC_WARN_64_TO_32_BIT_CONVERSION = YES;
				GCC_WARN_ABOUT_RETURN_TYPE = YES;
				GCC_WARN_UNINITIALIZED_AUTOS = YES;
				GCC_WARN_UNUSED_VARIABLE = YES;
				MACOSX_DEPLOYMENT_TARGET = 10.7;
				SDKROOT = macosx;
			};
			name = Release;
		};
		8BAF42C616BB483000E9C016 /* Debug */ = {
			isa = XCBuildConfiguration;
			buildSettings = {
				GCC_PRECOMPILE_PREFIX_HEADER = YES;
				GCC_PREFIX_HEADER = "PizzaFactory/PizzaFactory-Prefix.pch";
				PRODUCT_NAME = "$(TARGET_NAME)";
			};
			name = Debug;
		};
		8BAF42C716BB483000E9C016 /* Release */ = {
			isa = XCBuildConfiguration;
			buildSettings = {
				GCC_PRECOMPILE_PREFIX_HEADER = YES;
				GCC_PREFIX_HEADER = "PizzaFactory/PizzaFactory-Prefix.pch";
				PRODUCT_NAME = "$(TARGET_NAME)";
			};
			name = Release;
		};
/* End XCBuildConfiguration section */

/* Begin XCConfigurationList section */
		8BAF42B016BB483000E9C016 /* Build configuration list for PBXProject "PizzaFactory" */ = {
			isa = XCConfigurationList;
			buildConfigurations = (
				8BAF42C316BB483000E9C016 /* Debug */,
				8BAF42C416BB483000E9C016 /* Release */,
			);
			defaultConfigurationIsVisible = 0;
			defaultConfigurationName = Release;
		};
		8BAF42C516BB483000E9C016 /* Build configuration list for PBXNativeTarget "PizzaFactory" */ = {
			isa = XCConfigurationList;
			buildConfigurations = (
				8BAF42C616BB483000E9C016 /* Debug */,
				8BAF42C716BB483000E9C016 /* Release */,
			);
			defaultConfigurationIsVisible = 0;
		};
/* End XCConfigurationList section */
	};
	rootObject = 8BAF42AD16BB483000E9C016 /* Project object */;
}
