// !$*UTF8*$!
{
	archiveVersion = 1;
	classes = {
	};
	objectVersion = 46;
	objects = {

/* Begin PBXBuildFile section */
		8B2B8FDA16E2CB0600A1401D /* Foundation.framework in Frameworks */ = {isa = PBXBuildFile; fileRef = 8B2B8FD916E2CB0600A1401D /* Foundation.framework */; };
		8B2B8FDD16E2CB0600A1401D /* main.m in Sources */ = {isa = PBXBuildFile; fileRef = 8B2B8FDC16E2CB0600A1401D /* main.m */; };
		8B2B8FE116E2CB0600A1401D /* RemoteControl.1 in CopyFiles */ = {isa = PBXBuildFile; fileRef = 8B2B8FE016E2CB0600A1401D /* RemoteControl.1 */; };
		8B2B8FEB16E2F7C800A1401D /* LightOnCommand.m in Sources */ = {isa = PBXBuildFile; fileRef = 8B2B8FEA16E2F7C800A1401D /* LightOnCommand.m */; };
		8B2B8FEF16E2FB7200A1401D /* Light.m in Sources */ = {isa = PBXBuildFile; fileRef = 8B2B8FEE16E2FB7200A1401D /* Light.m */; };
		8B2B8FF316E2FE5E00A1401D /* SimpleRemoteControl.m in Sources */ = {isa = PBXBuildFile; fileRef = 8B2B8FF216E2FE5E00A1401D /* SimpleRemoteControl.m */; };
		8B2B8FFA16E3057B00A1401D /* GarageDoorOpenCommand.m in Sources */ = {isa = PBXBuildFile; fileRef = 8B2B8FF916E3057B00A1401D /* GarageDoorOpenCommand.m */; };
		8B2B8FFD16E305D300A1401D /* GarageDoor.m in Sources */ = {isa = PBXBuildFile; fileRef = 8B2B8FFC16E305D300A1401D /* GarageDoor.m */; };
		8B2B900016E30BD000A1401D /* LightOffCommand.m in Sources */ = {isa = PBXBuildFile; fileRef = 8B2B8FFF16E30BD000A1401D /* LightOffCommand.m */; };
		8B2B900916E30F9200A1401D /* GarageDoorCloseCommand.m in Sources */ = {isa = PBXBuildFile; fileRef = 8B2B900216E30F9100A1401D /* GarageDoorCloseCommand.m */; };
		8B2B900A16E30F9200A1401D /* GarageDoorLightOffCommand.m in Sources */ = {isa = PBXBuildFile; fileRef = 8B2B900416E30F9100A1401D /* GarageDoorLightOffCommand.m */; };
		8B2B900B16E30F9200A1401D /* GarageDoorLightOnCommand.m in Sources */ = {isa = PBXBuildFile; fileRef = 8B2B900616E30F9200A1401D /* GarageDoorLightOnCommand.m */; };
		8B2B900C16E30F9200A1401D /* GarageDoorStopCommand.m in Sources */ = {isa = PBXBuildFile; fileRef = 8B2B900816E30F9200A1401D /* GarageDoorStopCommand.m */; };
		8B2B900F16E31EE200A1401D /* RemoteControl.m in Sources */ = {isa = PBXBuildFile; fileRef = 8B2B900E16E31EE100A1401D /* RemoteControl.m */; };
		8B2B901216E3241300A1401D /* NoCommand.m in Sources */ = {isa = PBXBuildFile; fileRef = 8B2B901116E3241300A1401D /* NoCommand.m */; };
		8B2B901516E32AFB00A1401D /* Stereo.m in Sources */ = {isa = PBXBuildFile; fileRef = 8B2B901416E32AFB00A1401D /* Stereo.m */; };
		8B2B901816E32B7E00A1401D /* StereoOnWithCDCommand.m in Sources */ = {isa = PBXBuildFile; fileRef = 8B2B901716E32B7E00A1401D /* StereoOnWithCDCommand.m */; };
		8B2B901B16E3354400A1401D /* CeilingFan.m in Sources */ = {isa = PBXBuildFile; fileRef = 8B2B901A16E3354400A1401D /* CeilingFan.m */; };
		8B2B901E16E336C200A1401D /* CeilingFanOnCommand.m in Sources */ = {isa = PBXBuildFile; fileRef = 8B2B901D16E336C100A1401D /* CeilingFanOnCommand.m */; };
		8B2B902116E336DB00A1401D /* CeilingFanOffCommand.m in Sources */ = {isa = PBXBuildFile; fileRef = 8B2B902016E336DA00A1401D /* CeilingFanOffCommand.m */; };
		8B2B902416E338E500A1401D /* StereoOffCommand.m in Sources */ = {isa = PBXBuildFile; fileRef = 8B2B902316E338E400A1401D /* StereoOffCommand.m */; };
/* End PBXBuildFile section */

/* Begin PBXCopyFilesBuildPhase section */
		8B2B8FD416E2CB0600A1401D /* CopyFiles */ = {
			isa = PBXCopyFilesBuildPhase;
			buildActionMask = 2147483647;
			dstPath = /usr/share/man/man1/;
			dstSubfolderSpec = 0;
			files = (
				8B2B8FE116E2CB0600A1401D /* RemoteControl.1 in CopyFiles */,
			);
			runOnlyForDeploymentPostprocessing = 1;
		};
/* End PBXCopyFilesBuildPhase section */

/* Begin PBXFileReference section */
		8B2B8FD616E2CB0600A1401D /* RemoteControl */ = {isa = PBXFileReference; explicitFileType = "compiled.mach-o.executable"; includeInIndex = 0; path = RemoteControl; sourceTree = BUILT_PRODUCTS_DIR; };
		8B2B8FD916E2CB0600A1401D /* Foundation.framework */ = {isa = PBXFileReference; lastKnownFileType = wrapper.framework; name = Foundation.framework; path = System/Library/Frameworks/Foundation.framework; sourceTree = SDKROOT; };
		8B2B8FDC16E2CB0600A1401D /* main.m */ = {isa = PBXFileReference; lastKnownFileType = sourcecode.c.objc; path = main.m; sourceTree = "<group>"; };
		8B2B8FDF16E2CB0600A1401D /* RemoteControl-Prefix.pch */ = {isa = PBXFileReference; lastKnownFileType = sourcecode.c.h; path = "RemoteControl-Prefix.pch"; sourceTree = "<group>"; };
		8B2B8FE016E2CB0600A1401D /* RemoteControl.1 */ = {isa = PBXFileReference; lastKnownFileType = text.man; path = RemoteControl.1; sourceTree = "<group>"; };
		8B2B8FE816E2ED0E00A1401D /* Command.h */ = {isa = PBXFileReference; fileEncoding = 4; lastKnownFileType = sourcecode.c.h; name = Command.h; path = Commands/Command.h; sourceTree = "<group>"; };
		8B2B8FE916E2F7C800A1401D /* LightOnCommand.h */ = {isa = PBXFileReference; fileEncoding = 4; lastKnownFileType = sourcecode.c.h; name = LightOnCommand.h; path = Commands/LightOnCommand.h; sourceTree = "<group>"; };
		8B2B8FEA16E2F7C800A1401D /* LightOnCommand.m */ = {isa = PBXFileReference; fileEncoding = 4; lastKnownFileType = sourcecode.c.objc; name = LightOnCommand.m; path = Commands/LightOnCommand.m; sourceTree = "<group>"; };
		8B2B8FED16E2FB7200A1401D /* Light.h */ = {isa = PBXFileReference; fileEncoding = 4; lastKnownFileType = sourcecode.c.h; name = Light.h; path = Items/Light.h; sourceTree = "<group>"; };
		8B2B8FEE16E2FB7200A1401D /* Light.m */ = {isa = PBXFileReference; fileEncoding = 4; lastKnownFileType = sourcecode.c.objc; name = Light.m; path = Items/Light.m; sourceTree = "<group>"; };
		8B2B8FF016E2FB9200A1401D /* Items.h */ = {isa = PBXFileReference; lastKnownFileType = sourcecode.c.h; name = Items.h; path = Items/Items.h; sourceTree = "<group>"; };
		8B2B8FF116E2FE5E00A1401D /* SimpleRemoteControl.h */ = {isa = PBXFileReference; fileEncoding = 4; lastKnownFileType = sourcecode.c.h; path = SimpleRemoteControl.h; sourceTree = "<group>"; };
		8B2B8FF216E2FE5E00A1401D /* SimpleRemoteControl.m */ = {isa = PBXFileReference; fileEncoding = 4; lastKnownFileType = sourcecode.c.objc; path = SimpleRemoteControl.m; sourceTree = "<group>"; };
		8B2B8FF716E2FEAC00A1401D /* Commands.h */ = {isa = PBXFileReference; lastKnownFileType = sourcecode.c.h; name = Commands.h; path = Commands/Commands.h; sourceTree = "<group>"; };
		8B2B8FF816E3057B00A1401D /* GarageDoorOpenCommand.h */ = {isa = PBXFileReference; fileEncoding = 4; lastKnownFileType = sourcecode.c.h; name = GarageDoorOpenCommand.h; path = Commands/GarageDoorOpenCommand.h; sourceTree = "<group>"; };
		8B2B8FF916E3057B00A1401D /* GarageDoorOpenCommand.m */ = {isa = PBXFileReference; fileEncoding = 4; lastKnownFileType = sourcecode.c.objc; name = GarageDoorOpenCommand.m; path = Commands/GarageDoorOpenCommand.m; sourceTree = "<group>"; };
		8B2B8FFB16E305D300A1401D /* GarageDoor.h */ = {isa = PBXFileReference; fileEncoding = 4; lastKnownFileType = sourcecode.c.h; name = GarageDoor.h; path = Items/GarageDoor.h; sourceTree = "<group>"; };
		8B2B8FFC16E305D300A1401D /* GarageDoor.m */ = {isa = PBXFileReference; fileEncoding = 4; lastKnownFileType = sourcecode.c.objc; name = GarageDoor.m; path = Items/GarageDoor.m; sourceTree = "<group>"; };
		8B2B8FFE16E30BD000A1401D /* LightOffCommand.h */ = {isa = PBXFileReference; fileEncoding = 4; lastKnownFileType = sourcecode.c.h; name = LightOffCommand.h; path = Commands/LightOffCommand.h; sourceTree = "<group>"; };
		8B2B8FFF16E30BD000A1401D /* LightOffCommand.m */ = {isa = PBXFileReference; fileEncoding = 4; lastKnownFileType = sourcecode.c.objc; name = LightOffCommand.m; path = Commands/LightOffCommand.m; sourceTree = "<group>"; };
		8B2B900116E30F9100A1401D /* GarageDoorCloseCommand.h */ = {isa = PBXFileReference; fileEncoding = 4; lastKnownFileType = sourcecode.c.h; name = GarageDoorCloseCommand.h; path = Commands/GarageDoorCloseCommand.h; sourceTree = "<group>"; };
		8B2B900216E30F9100A1401D /* GarageDoorCloseCommand.m */ = {isa = PBXFileReference; fileEncoding = 4; lastKnownFileType = sourcecode.c.objc; name = GarageDoorCloseCommand.m; path = Commands/GarageDoorCloseCommand.m; sourceTree = "<group>"; };
		8B2B900316E30F9100A1401D /* GarageDoorLightOffCommand.h */ = {isa = PBXFileReference; fileEncoding = 4; lastKnownFileType = sourcecode.c.h; name = GarageDoorLightOffCommand.h; path = Commands/GarageDoorLightOffCommand.h; sourceTree = "<group>"; };
		8B2B900416E30F9100A1401D /* GarageDoorLightOffCommand.m */ = {isa = PBXFileReference; fileEncoding = 4; lastKnownFileType = sourcecode.c.objc; name = GarageDoorLightOffCommand.m; path = Commands/GarageDoorLightOffCommand.m; sourceTree = "<group>"; };
		8B2B900516E30F9100A1401D /* GarageDoorLightOnCommand.h */ = {isa = PBXFileReference; fileEncoding = 4; lastKnownFileType = sourcecode.c.h; name = GarageDoorLightOnCommand.h; path = Commands/GarageDoorLightOnCommand.h; sourceTree = "<group>"; };
		8B2B900616E30F9200A1401D /* GarageDoorLightOnCommand.m */ = {isa = PBXFileReference; fileEncoding = 4; lastKnownFileType = sourcecode.c.objc; name = GarageDoorLightOnCommand.m; path = Commands/GarageDoorLightOnCommand.m; sourceTree = "<group>"; };
		8B2B900716E30F9200A1401D /* GarageDoorStopCommand.h */ = {isa = PBXFileReference; fileEncoding = 4; lastKnownFileType = sourcecode.c.h; name = GarageDoorStopCommand.h; path = Commands/GarageDoorStopCommand.h; sourceTree = "<group>"; };
		8B2B900816E30F9200A1401D /* GarageDoorStopCommand.m */ = {isa = PBXFileReference; fileEncoding = 4; lastKnownFileType = sourcecode.c.objc; name = GarageDoorStopCommand.m; path = Commands/GarageDoorStopCommand.m; sourceTree = "<group>"; };
		8B2B900D16E31EE100A1401D /* RemoteControl.h */ = {isa = PBXFileReference; fileEncoding = 4; lastKnownFileType = sourcecode.c.h; path = RemoteControl.h; sourceTree = "<group>"; };
		8B2B900E16E31EE100A1401D /* RemoteControl.m */ = {isa = PBXFileReference; fileEncoding = 4; lastKnownFileType = sourcecode.c.objc; path = RemoteControl.m; sourceTree = "<group>"; };
		8B2B901016E3241300A1401D /* NoCommand.h */ = {isa = PBXFileReference; fileEncoding = 4; lastKnownFileType = sourcecode.c.h; name = NoCommand.h; path = Commands/NoCommand.h; sourceTree = "<group>"; };
		8B2B901116E3241300A1401D /* NoCommand.m */ = {isa = PBXFileReference; fileEncoding = 4; lastKnownFileType = sourcecode.c.objc; name = NoCommand.m; path = Commands/NoCommand.m; sourceTree = "<group>"; };
		8B2B901316E32AFA00A1401D /* Stereo.h */ = {isa = PBXFileReference; fileEncoding = 4; lastKnownFileType = sourcecode.c.h; name = Stereo.h; path = Items/Stereo.h; sourceTree = "<group>"; };
		8B2B901416E32AFB00A1401D /* Stereo.m */ = {isa = PBXFileReference; fileEncoding = 4; lastKnownFileType = sourcecode.c.objc; name = Stereo.m; path = Items/Stereo.m; sourceTree = "<group>"; };
		8B2B901616E32B7D00A1401D /* StereoOnWithCDCommand.h */ = {isa = PBXFileReference; fileEncoding = 4; lastKnownFileType = sourcecode.c.h; name = StereoOnWithCDCommand.h; path = Commands/StereoOnWithCDCommand.h; sourceTree = "<group>"; };
		8B2B901716E32B7E00A1401D /* StereoOnWithCDCommand.m */ = {isa = PBXFileReference; fileEncoding = 4; lastKnownFileType = sourcecode.c.objc; name = StereoOnWithCDCommand.m; path = Commands/StereoOnWithCDCommand.m; sourceTree = "<group>"; };
		8B2B901916E3354400A1401D /* CeilingFan.h */ = {isa = PBXFileReference; fileEncoding = 4; lastKnownFileType = sourcecode.c.h; name = CeilingFan.h; path = Items/CeilingFan.h; sourceTree = "<group>"; };
		8B2B901A16E3354400A1401D /* CeilingFan.m */ = {isa = PBXFileReference; fileEncoding = 4; lastKnownFileType = sourcecode.c.objc; name = CeilingFan.m; path = Items/CeilingFan.m; sourceTree = "<group>"; };
		8B2B901C16E336C000A1401D /* CeilingFanOnCommand.h */ = {isa = PBXFileReference; fileEncoding = 4; lastKnownFileType = sourcecode.c.h; name = CeilingFanOnCommand.h; path = Commands/CeilingFanOnCommand.h; sourceTree = "<group>"; };
		8B2B901D16E336C100A1401D /* CeilingFanOnCommand.m */ = {isa = PBXFileReference; fileEncoding = 4; lastKnownFileType = sourcecode.c.objc; name = CeilingFanOnCommand.m; path = Commands/CeilingFanOnCommand.m; sourceTree = "<group>"; };
		8B2B901F16E336DA00A1401D /* CeilingFanOffCommand.h */ = {isa = PBXFileReference; fileEncoding = 4; lastKnownFileType = sourcecode.c.h; name = CeilingFanOffCommand.h; path = Commands/CeilingFanOffCommand.h; sourceTree = "<group>"; };
		8B2B902016E336DA00A1401D /* CeilingFanOffCommand.m */ = {isa = PBXFileReference; fileEncoding = 4; lastKnownFileType = sourcecode.c.objc; name = CeilingFanOffCommand.m; path = Commands/CeilingFanOffCommand.m; sourceTree = "<group>"; };
		8B2B902216E338E300A1401D /* StereoOffCommand.h */ = {isa = PBXFileReference; fileEncoding = 4; lastKnownFileType = sourcecode.c.h; name = StereoOffCommand.h; path = Commands/StereoOffCommand.h; sourceTree = "<group>"; };
		8B2B902316E338E400A1401D /* StereoOffCommand.m */ = {isa = PBXFileReference; fileEncoding = 4; lastKnownFileType = sourcecode.c.objc; name = StereoOffCommand.m; path = Commands/StereoOffCommand.m; sourceTree = "<group>"; };
/* End PBXFileReference section */

/* Begin PBXFrameworksBuildPhase section */
		8B2B8FD316E2CB0600A1401D /* Frameworks */ = {
			isa = PBXFrameworksBuildPhase;
			buildActionMask = 2147483647;
			files = (
				8B2B8FDA16E2CB0600A1401D /* Foundation.framework in Frameworks */,
			);
			runOnlyForDeploymentPostprocessing = 0;
		};
/* End PBXFrameworksBuildPhase section */

/* Begin PBXGroup section */
		8B2B8FCD16E2CB0600A1401D = {
			isa = PBXGroup;
			children = (
				8B2B8FDB16E2CB0600A1401D /* RemoteControl */,
				8B2B8FD816E2CB0600A1401D /* Frameworks */,
				8B2B8FD716E2CB0600A1401D /* Products */,
			);
			sourceTree = "<group>";
		};
		8B2B8FD716E2CB0600A1401D /* Products */ = {
			isa = PBXGroup;
			children = (
				8B2B8FD616E2CB0600A1401D /* RemoteControl */,
			);
			name = Products;
			sourceTree = "<group>";
		};
		8B2B8FD816E2CB0600A1401D /* Frameworks */ = {
			isa = PBXGroup;
			children = (
				8B2B8FD916E2CB0600A1401D /* Foundation.framework */,
			);
			name = Frameworks;
			sourceTree = "<group>";
		};
		8B2B8FDB16E2CB0600A1401D /* RemoteControl */ = {
			isa = PBXGroup;
			children = (
				8B2B8FEC16E2F89F00A1401D /* Items */,
				8B2B8FE716E2ECCC00A1401D /* Commands */,
				8B2B8FDC16E2CB0600A1401D /* main.m */,
				8B2B8FF116E2FE5E00A1401D /* SimpleRemoteControl.h */,
				8B2B8FF216E2FE5E00A1401D /* SimpleRemoteControl.m */,
				8B2B900D16E31EE100A1401D /* RemoteControl.h */,
				8B2B900E16E31EE100A1401D /* RemoteControl.m */,
				8B2B8FDE16E2CB0600A1401D /* Supporting Files */,
			);
			path = RemoteControl;
			sourceTree = "<group>";
		};
		8B2B8FDE16E2CB0600A1401D /* Supporting Files */ = {
			isa = PBXGroup;
			children = (
				8B2B8FE016E2CB0600A1401D /* RemoteControl.1 */,
				8B2B8FDF16E2CB0600A1401D /* RemoteControl-Prefix.pch */,
			);
			name = "Supporting Files";
			sourceTree = "<group>";
		};
		8B2B8FE716E2ECCC00A1401D /* Commands */ = {
			isa = PBXGroup;
			children = (
				8B2B8FF716E2FEAC00A1401D /* Commands.h */,
				8B2B8FE816E2ED0E00A1401D /* Command.h */,
				8B2B8FF816E3057B00A1401D /* GarageDoorOpenCommand.h */,
				8B2B8FF916E3057B00A1401D /* GarageDoorOpenCommand.m */,
				8B2B900116E30F9100A1401D /* GarageDoorCloseCommand.h */,
				8B2B900216E30F9100A1401D /* GarageDoorCloseCommand.m */,
				8B2B900316E30F9100A1401D /* GarageDoorLightOffCommand.h */,
				8B2B900416E30F9100A1401D /* GarageDoorLightOffCommand.m */,
				8B2B900516E30F9100A1401D /* GarageDoorLightOnCommand.h */,
				8B2B900616E30F9200A1401D /* GarageDoorLightOnCommand.m */,
				8B2B900716E30F9200A1401D /* GarageDoorStopCommand.h */,
				8B2B900816E30F9200A1401D /* GarageDoorStopCommand.m */,
				8B2B8FE916E2F7C800A1401D /* LightOnCommand.h */,
				8B2B8FEA16E2F7C800A1401D /* LightOnCommand.m */,
				8B2B8FFE16E30BD000A1401D /* LightOffCommand.h */,
				8B2B8FFF16E30BD000A1401D /* LightOffCommand.m */,
				8B2B901016E3241300A1401D /* NoCommand.h */,
				8B2B901116E3241300A1401D /* NoCommand.m */,
				8B2B901616E32B7D00A1401D /* StereoOnWithCDCommand.h */,
				8B2B901716E32B7E00A1401D /* StereoOnWithCDCommand.m */,
				8B2B902216E338E300A1401D /* StereoOffCommand.h */,
				8B2B902316E338E400A1401D /* StereoOffCommand.m */,
				8B2B901C16E336C000A1401D /* CeilingFanOnCommand.h */,
				8B2B901D16E336C100A1401D /* CeilingFanOnCommand.m */,
				8B2B901F16E336DA00A1401D /* CeilingFanOffCommand.h */,
				8B2B902016E336DA00A1401D /* CeilingFanOffCommand.m */,
			);
			name = Commands;
			sourceTree = "<group>";
		};
		8B2B8FEC16E2F89F00A1401D /* Items */ = {
			isa = PBXGroup;
			children = (
				8B2B8FF016E2FB9200A1401D /* Items.h */,
				8B2B8FED16E2FB7200A1401D /* Light.h */,
				8B2B8FEE16E2FB7200A1401D /* Light.m */,
				8B2B8FFB16E305D300A1401D /* GarageDoor.h */,
				8B2B8FFC16E305D300A1401D /* GarageDoor.m */,
				8B2B901316E32AFA00A1401D /* Stereo.h */,
				8B2B901416E32AFB00A1401D /* Stereo.m */,
				8B2B901916E3354400A1401D /* CeilingFan.h */,
				8B2B901A16E3354400A1401D /* CeilingFan.m */,
			);
			name = Items;
			sourceTree = "<group>";
		};
/* End PBXGroup section */

/* Begin PBXNativeTarget section */
		8B2B8FD516E2CB0600A1401D /* RemoteControl */ = {
			isa = PBXNativeTarget;
			buildConfigurationList = 8B2B8FE416E2CB0600A1401D /* Build configuration list for PBXNativeTarget "RemoteControl" */;
			buildPhases = (
				8B2B8FD216E2CB0600A1401D /* Sources */,
				8B2B8FD316E2CB0600A1401D /* Frameworks */,
				8B2B8FD416E2CB0600A1401D /* CopyFiles */,
			);
			buildRules = (
			);
			dependencies = (
			);
			name = RemoteControl;
			productName = RemoteControl;
			productReference = 8B2B8FD616E2CB0600A1401D /* RemoteControl */;
			productType = "com.apple.product-type.tool";
		};
/* End PBXNativeTarget section */

/* Begin PBXProject section */
		8B2B8FCE16E2CB0600A1401D /* Project object */ = {
			isa = PBXProject;
			attributes = {
				LastUpgradeCheck = 0460;
				ORGANIZATIONNAME = "Liquid Thoughts";
			};
			buildConfigurationList = 8B2B8FD116E2CB0600A1401D /* Build configuration list for PBXProject "RemoteControl" */;
			compatibilityVersion = "Xcode 3.2";
			developmentRegion = English;
			hasScannedForEncodings = 0;
			knownRegions = (
				en,
			);
			mainGroup = 8B2B8FCD16E2CB0600A1401D;
			productRefGroup = 8B2B8FD716E2CB0600A1401D /* Products */;
			projectDirPath = "";
			projectRoot = "";
			targets = (
				8B2B8FD516E2CB0600A1401D /* RemoteControl */,
			);
		};
/* End PBXProject section */

/* Begin PBXSourcesBuildPhase section */
		8B2B8FD216E2CB0600A1401D /* Sources */ = {
			isa = PBXSourcesBuildPhase;
			buildActionMask = 2147483647;
			files = (
				8B2B8FDD16E2CB0600A1401D /* main.m in Sources */,
				8B2B8FEB16E2F7C800A1401D /* LightOnCommand.m in Sources */,
				8B2B8FEF16E2FB7200A1401D /* Light.m in Sources */,
				8B2B8FF316E2FE5E00A1401D /* SimpleRemoteControl.m in Sources */,
				8B2B8FFA16E3057B00A1401D /* GarageDoorOpenCommand.m in Sources */,
				8B2B8FFD16E305D300A1401D /* GarageDoor.m in Sources */,
				8B2B900016E30BD000A1401D /* LightOffCommand.m in Sources */,
				8B2B900916E30F9200A1401D /* GarageDoorCloseCommand.m in Sources */,
				8B2B900A16E30F9200A1401D /* GarageDoorLightOffCommand.m in Sources */,
				8B2B900B16E30F9200A1401D /* GarageDoorLightOnCommand.m in Sources */,
				8B2B900C16E30F9200A1401D /* GarageDoorStopCommand.m in Sources */,
				8B2B900F16E31EE200A1401D /* RemoteControl.m in Sources */,
				8B2B901216E3241300A1401D /* NoCommand.m in Sources */,
				8B2B901516E32AFB00A1401D /* Stereo.m in Sources */,
				8B2B901816E32B7E00A1401D /* StereoOnWithCDCommand.m in Sources */,
				8B2B901B16E3354400A1401D /* CeilingFan.m in Sources */,
				8B2B901E16E336C200A1401D /* CeilingFanOnCommand.m in Sources */,
				8B2B902116E336DB00A1401D /* CeilingFanOffCommand.m in Sources */,
				8B2B902416E338E500A1401D /* StereoOffCommand.m in Sources */,
			);
			runOnlyForDeploymentPostprocessing = 0;
		};
/* End PBXSourcesBuildPhase section */

/* Begin XCBuildConfiguration section */
		8B2B8FE216E2CB0600A1401D /* Debug */ = {
			isa = XCBuildConfiguration;
			buildSettings = {
				ALWAYS_SEARCH_USER_PATHS = NO;
				ARCHS = "$(ARCHS_STANDARD_64_BIT)";
				CLANG_CXX_LANGUAGE_STANDARD = "gnu++0x";
				CLANG_CXX_LIBRARY = "libc++";
				CLANG_WARN_CONSTANT_CONVERSION = YES;
				CLANG_WARN_EMPTY_BODY = YES;
				CLANG_WARN_ENUM_CONVERSION = YES;
				CLANG_WARN_INT_CONVERSION = YES;
				CLANG_WARN__DUPLICATE_METHOD_MATCH = YES;
				COPY_PHASE_STRIP = NO;
				GCC_C_LANGUAGE_STANDARD = gnu99;
				GCC_DYNAMIC_NO_PIC = NO;
				GCC_ENABLE_OBJC_EXCEPTIONS = YES;
				GCC_OPTIMIZATION_LEVEL = 0;
				GCC_PREPROCESSOR_DEFINITIONS = (
					"DEBUG=1",
					"$(inherited)",
				);
				GCC_SYMBOLS_PRIVATE_EXTERN = NO;
				GCC_WARN_64_TO_32_BIT_CONVERSION = YES;
				GCC_WARN_ABOUT_RETURN_TYPE = YES;
				GCC_WARN_UNINITIALIZED_AUTOS = YES;
				GCC_WARN_UNUSED_VARIABLE = YES;
				MACOSX_DEPLOYMENT_TARGET = 10.7;
				ONLY_ACTIVE_ARCH = YES;
				SDKROOT = macosx;
			};
			name = Debug;
		};
		8B2B8FE316E2CB0600A1401D /* Release */ = {
			isa = XCBuildConfiguration;
			buildSettings = {
				ALWAYS_SEARCH_USER_PATHS = NO;
				ARCHS = "$(ARCHS_STANDARD_64_BIT)";
				CLANG_CXX_LANGUAGE_STANDARD = "gnu++0x";
				CLANG_CXX_LIBRARY = "libc++";
				CLANG_WARN_CONSTANT_CONVERSION = YES;
				CLANG_WARN_EMPTY_BODY = YES;
				CLANG_WARN_ENUM_CONVERSION = YES;
				CLANG_WARN_INT_CONVERSION = YES;
				CLANG_WARN__DUPLICATE_METHOD_MATCH = YES;
				COPY_PHASE_STRIP = YES;
				DEBUG_INFORMATION_FORMAT = "dwarf-with-dsym";
				GCC_C_LANGUAGE_STANDARD = gnu99;
				GCC_ENABLE_OBJC_EXCEPTIONS = YES;
				GCC_WARN_64_TO_32_BIT_CONVERSION = YES;
				GCC_WARN_ABOUT_RETURN_TYPE = YES;
				GCC_WARN_UNINITIALIZED_AUTOS = YES;
				GCC_WARN_UNUSED_VARIABLE = YES;
				MACOSX_DEPLOYMENT_TARGET = 10.7;
				SDKROOT = macosx;
			};
			name = Release;
		};
		8B2B8FE516E2CB0600A1401D /* Debug */ = {
			isa = XCBuildConfiguration;
			buildSettings = {
				GCC_PRECOMPILE_PREFIX_HEADER = YES;
				GCC_PREFIX_HEADER = "RemoteControl/RemoteControl-Prefix.pch";
				PRODUCT_NAME = "$(TARGET_NAME)";
			};
			name = Debug;
		};
		8B2B8FE616E2CB0600A1401D /* Release */ = {
			isa = XCBuildConfiguration;
			buildSettings = {
				GCC_PRECOMPILE_PREFIX_HEADER = YES;
				GCC_PREFIX_HEADER = "RemoteControl/RemoteControl-Prefix.pch";
				PRODUCT_NAME = "$(TARGET_NAME)";
			};
			name = Release;
		};
/* End XCBuildConfiguration section */

/* Begin XCConfigurationList section */
		8B2B8FD116E2CB0600A1401D /* Build configuration list for PBXProject "RemoteControl" */ = {
			isa = XCConfigurationList;
			buildConfigurations = (
				8B2B8FE216E2CB0600A1401D /* Debug */,
				8B2B8FE316E2CB0600A1401D /* Release */,
			);
			defaultConfigurationIsVisible = 0;
			defaultConfigurationName = Release;
		};
		8B2B8FE416E2CB0600A1401D /* Build configuration list for PBXNativeTarget "RemoteControl" */ = {
			isa = XCConfigurationList;
			buildConfigurations = (
				8B2B8FE516E2CB0600A1401D /* Debug */,
				8B2B8FE616E2CB0600A1401D /* Release */,
			);
			defaultConfigurationIsVisible = 0;
		};
/* End XCConfigurationList section */
	};
	rootObject = 8B2B8FCE16E2CB0600A1401D /* Project object */;
}
